
Microsoft Visual Studio Solution File, Format Version 12.00
# Visual Studio 15
VisualStudioVersion = 15.0.26730.12
MinimumVisualStudioVersion = 10.0.40219.1
Project("{8BC9CEB8-8B4A-11D0-8D11-00A0C91BC942}") = "ccdk", "ccdk\Core.vcxproj", "{9CF25D83-D719-4757-B9E5-D21517BD5A7C}"
EndProject
Project("{8BC9CEB8-8B4A-11D0-8D11-00A0C91BC942}") = "test.cpp14", "test\test.c++14\test_charactor.vcxproj", "{39097165-8869-496E-95EA-D7ED087AE966}"
EndProject
Project("{2150E333-8FDC-42A3-9474-1A3956D46DE8}") = "test", "test", "{6D716468-881E-4447-B442-5A9ACAE0CA20}"
EndProject
Project("{8BC9CEB8-8B4A-11D0-8D11-00A0C91BC942}") = "test.pp", "test\test.pp\test_pp.vcxproj", "{CC478951-6A36-4A0D-B022-A846A6DE72F5}"
EndProject
Project("{8BC9CEB8-8B4A-11D0-8D11-00A0C91BC942}") = "test.mpl.smart_ptr", "test\test.mpl.smart_ptr\test.mpl.smart_ptr.vcxproj", "{F1698767-C641-4AA9-95F9-6EBAC139CB1D}"
EndProject
Project("{8BC9CEB8-8B4A-11D0-8D11-00A0C91BC942}") = "test.mpl.function", "test\test.mpl.function\test_function.vcxproj", "{235ECE1D-1BED-41C9-975F-26DC0E27920C}"
EndProject
Project("{8BC9CEB8-8B4A-11D0-8D11-00A0C91BC942}") = "test.mpl.type_traits", "test\test.mpl.type_traits\test_type_trait.vcxproj", "{E92536B9-BC3D-49D0-89A5-11E25AD1E10B}"
EndProject
Project("{8BC9CEB8-8B4A-11D0-8D11-00A0C91BC942}") = "test_boost", "test\test_boost\test_boost.vcxproj", "{53C82A33-71B5-4EED-8E45-89055E227DDD}"
EndProject
Project("{8BC9CEB8-8B4A-11D0-8D11-00A0C91BC942}") = "test.mpl.core", "test\test.mpl.core\test.mpl.core.vcxproj", "{721DD590-7687-4042-8B22-531EFA435606}"
EndProject
Project("{8BC9CEB8-8B4A-11D0-8D11-00A0C91BC942}") = "test_regexp", "test\test_regexp\test_regexp.vcxproj", "{3A8161B6-5E28-4D48-B448-5FAC6A6355CB}"
EndProject
Project("{8BC9CEB8-8B4A-11D0-8D11-00A0C91BC942}") = "test_view", "test\test_view\test_view.vcxproj", "{30BF1764-3491-4937-8A9C-C9F482958DFD}"
EndProject
Project("{8BC9CEB8-8B4A-11D0-8D11-00A0C91BC942}") = "test_mpl_units", "test\test_mpl_units\test_mpl_units.vcxproj", "{C5850AF6-E0E5-48C1-ACA0-A38E12A48E28}"
EndProject
Project("{8BC9CEB8-8B4A-11D0-8D11-00A0C91BC942}") = "test.mpl.mcontainer", "test\test.mpl.mcontainer\test.mpl.mcontainer.vcxproj", "{54FA8160-0C06-4FA7-9794-20B58E22CD1A}"
EndProject
Project("{8BC9CEB8-8B4A-11D0-8D11-00A0C91BC942}") = "test.mpl.mstate_machine", "test\test.mpl.mstate_machine\test.mpl.mstate_machine.vcxproj", "{41789D08-F245-4BF9-ADAD-8D65E3C59A7C}"
EndProject
Project("{8BC9CEB8-8B4A-11D0-8D11-00A0C91BC942}") = "test.mpl.fusion", "test\test.mpl.fusion\test.mpl.fusion.vcxproj", "{B59788B6-44C5-4B7E-97EE-D21E3F7869FB}"
EndProject
Project("{8BC9CEB8-8B4A-11D0-8D11-00A0C91BC942}") = "test.mpl.memory", "test\test.mpl.memory\test.mpl.memory.vcxproj", "{3C08B5CB-EB83-41B9-BCE4-54703B30FCD3}"
EndProject
Project("{8BC9CEB8-8B4A-11D0-8D11-00A0C91BC942}") = "test.text.string", "test\test.text.string\test.text.string.vcxproj", "{B6CBEDA5-1594-4B29-85D4-B2B55D47AE2E}"
EndProject
Project("{8BC9CEB8-8B4A-11D0-8D11-00A0C91BC942}") = "algorithm", "algorithm\algorithm.vcxproj", "{26F869C2-4603-4E75-8EAC-548B1B987215}"
EndProject
Project("{8BC9CEB8-8B4A-11D0-8D11-00A0C91BC942}") = "test.container.vector", "test\test.container.vector\test.container.vector.vcxproj", "{723B77F9-48E5-48FB-9376-541E49103E78}"
EndProject
Project("{8BC9CEB8-8B4A-11D0-8D11-00A0C91BC942}") = "test.container.array", "test\test.container.array\test.container.array.vcxproj", "{EF959396-A872-4F49-9CCC-D13D8322CC05}"
EndProject
Project("{8BC9CEB8-8B4A-11D0-8D11-00A0C91BC942}") = "tcmalloc_test", "tcmalloc_test\tcmalloc_test.vcxproj", "{6C633A2D-355A-4394-B4C1-BDB4E5F60B29}"
EndProject
Project("{2150E333-8FDC-42A3-9474-1A3956D46DE8}") = "test.container", "test.container", "{CEB2DFFB-6E31-4CC3-851C-D4A058A74549}"
EndProject
Project("{8BC9CEB8-8B4A-11D0-8D11-00A0C91BC942}") = "test.container.fix_bitset", "test\test.container.fix_bitset\test.container.fix_bitset.vcxproj", "{B2EDE536-FC3A-4DB3-A4A5-E4954CF83678}"
EndProject
Project("{2150E333-8FDC-42A3-9474-1A3956D46DE8}") = "asm", "asm", "{88009213-3817-49B5-8B76-251353B999C9}"
EndProject
Project("{8BC9CEB8-8B4A-11D0-8D11-00A0C91BC942}") = "asm1", "asm_test\asm1\asm1.vcxproj", "{EFE56C93-7042-40CF-AFF5-C41B0FA5F493}"
EndProject
Project("{8BC9CEB8-8B4A-11D0-8D11-00A0C91BC942}") = "c++_main_asm", "asm_test\c++_main_asm\c++_main_asm.vcxproj", "{AB7BDCD0-D1F5-49BB-9547-7E3A7FDE7F1D}"
EndProject
Project("{8BC9CEB8-8B4A-11D0-8D11-00A0C91BC942}") = "helloworld_x64", "asm_test\helloworld_x64\helloworld_x64.vcxproj", "{8824E889-0CF7-4591-B306-37E31C5B1C84}"
EndProject
Project("{2150E333-8FDC-42A3-9474-1A3956D46DE8}") = "test.mpl", "test.mpl", "{ACD318CE-325F-4554-9875-ADB66601ED5D}"
EndProject
Project("{8BC9CEB8-8B4A-11D0-8D11-00A0C91BC942}") = "test.container.bitset", "test\test.container.bitset\test.container.bitset.vcxproj", "{4D3D3505-8DC6-4035-9335-5158F73A22CE}"
EndProject
Project("{8BC9CEB8-8B4A-11D0-8D11-00A0C91BC942}") = "test.mpl.fusion.local_obj", "test\test.mpl.fusion.local_obj\test.mpl.fusion.local_obj.vcxproj", "{BEFC5448-4F1D-480C-81CC-9527BD783C0F}"
EndProject
Project("{8BC9CEB8-8B4A-11D0-8D11-00A0C91BC942}") = "test.container.blist", "test\test.container.blist\test.container.blist.vcxproj", "{A565336C-AB7C-401F-B4D3-B880CB5B6C99}"
EndProject
Project("{8BC9CEB8-8B4A-11D0-8D11-00A0C91BC942}") = "test.mpl.util", "test\test.mpl.util\test.mpl.util.vcxproj", "{50D40CCA-F6A9-472C-98C1-99BBA2E8080B}"
EndProject
Project("{8BC9CEB8-8B4A-11D0-8D11-00A0C91BC942}") = "test.container.unordered_map", "test\test.container.unordered_map\test.container.unordered_map.vcxproj", "{B532FFE8-4DEA-4DF5-ABD1-51618346C4A9}"
EndProject
Project("{8BC9CEB8-8B4A-11D0-8D11-00A0C91BC942}") = "test_container_unordered_set", "test\test_container_unorder_set\test_container_unorder_set.vcxproj", "{E446F259-C2A7-46C8-AEBB-A5CF1D5D9B77}"
EndProject
Project("{8BC9CEB8-8B4A-11D0-8D11-00A0C91BC942}") = "test.container.slist", "test\test.container.slist\test.container.list.vcxproj", "{F64730A2-E780-4CD7-BB26-201C5519A538}"
EndProject
Project("{8BC9CEB8-8B4A-11D0-8D11-00A0C91BC942}") = "test.container.unordered_multimap", "test\test.container.unordered_multimap\test.container.unordered_multimap.vcxproj", "{6D56B86C-6E56-4466-BB79-EBD3EE010B38}"
EndProject
Project("{2150E333-8FDC-42A3-9474-1A3956D46DE8}") = "test.text", "test.text", "{B99D7D78-90E1-4C98-9B9B-D924B72CB87D}"
EndProject
Project("{8BC9CEB8-8B4A-11D0-8D11-00A0C91BC942}") = "test.container.map", "test\test.container.map\test.container.map.vcxproj", "{C8E6D789-0870-4718-AE2E-2AB34F8BFAF0}"
EndProject
Project("{8BC9CEB8-8B4A-11D0-8D11-00A0C91BC942}") = "test.container.adapter", "test\test.container.adapter\test.container.adapter.vcxproj", "{97DA9A98-A08A-422C-AFAD-326E362E3187}"
EndProject
Project("{8BC9CEB8-8B4A-11D0-8D11-00A0C91BC942}") = "test.container.circular_buffer", "test\test.container.circular_buffer\test.container.circular_buffer.vcxproj", "{28B7AD32-8B9E-4CB3-9C81-72B2D4A549A4}"
EndProject
Project("{8BC9CEB8-8B4A-11D0-8D11-00A0C91BC942}") = "test.mpl.bit_alg", "test\test.mpl.bit_alg\test.mpl.bit_alg.vcxproj", "{93F04E51-B7BC-451C-96A3-69D29656299B}"
EndProject
Global
	GlobalSection(SolutionConfigurationPlatforms) = preSolution
		Debug|Win32 = Debug|Win32
		Debug|x64 = Debug|x64
		Release|Win32 = Release|Win32
		Release|x64 = Release|x64
	EndGlobalSection
	GlobalSection(ProjectConfigurationPlatforms) = postSolution
		{9CF25D83-D719-4757-B9E5-D21517BD5A7C}.Debug|Win32.ActiveCfg = Debug|Win32
		{9CF25D83-D719-4757-B9E5-D21517BD5A7C}.Debug|Win32.Build.0 = Debug|Win32
		{9CF25D83-D719-4757-B9E5-D21517BD5A7C}.Debug|x64.ActiveCfg = Debug|Win32
		{9CF25D83-D719-4757-B9E5-D21517BD5A7C}.Release|Win32.ActiveCfg = Release|Win32
		{9CF25D83-D719-4757-B9E5-D21517BD5A7C}.Release|Win32.Build.0 = Release|Win32
		{9CF25D83-D719-4757-B9E5-D21517BD5A7C}.Release|x64.ActiveCfg = Release|Win32
		{39097165-8869-496E-95EA-D7ED087AE966}.Debug|Win32.ActiveCfg = Debug|Win32
		{39097165-8869-496E-95EA-D7ED087AE966}.Debug|Win32.Build.0 = Debug|Win32
		{39097165-8869-496E-95EA-D7ED087AE966}.Debug|x64.ActiveCfg = Debug|x64
		{39097165-8869-496E-95EA-D7ED087AE966}.Debug|x64.Build.0 = Debug|x64
		{39097165-8869-496E-95EA-D7ED087AE966}.Release|Win32.ActiveCfg = Release|Win32
		{39097165-8869-496E-95EA-D7ED087AE966}.Release|Win32.Build.0 = Release|Win32
		{39097165-8869-496E-95EA-D7ED087AE966}.Release|x64.ActiveCfg = Release|x64
		{39097165-8869-496E-95EA-D7ED087AE966}.Release|x64.Build.0 = Release|x64
		{CC478951-6A36-4A0D-B022-A846A6DE72F5}.Debug|Win32.ActiveCfg = Debug|Win32
		{CC478951-6A36-4A0D-B022-A846A6DE72F5}.Debug|Win32.Build.0 = Debug|Win32
		{CC478951-6A36-4A0D-B022-A846A6DE72F5}.Debug|x64.ActiveCfg = Debug|x64
		{CC478951-6A36-4A0D-B022-A846A6DE72F5}.Debug|x64.Build.0 = Debug|x64
		{CC478951-6A36-4A0D-B022-A846A6DE72F5}.Release|Win32.ActiveCfg = Release|Win32
		{CC478951-6A36-4A0D-B022-A846A6DE72F5}.Release|Win32.Build.0 = Release|Win32
		{CC478951-6A36-4A0D-B022-A846A6DE72F5}.Release|x64.ActiveCfg = Release|x64
		{CC478951-6A36-4A0D-B022-A846A6DE72F5}.Release|x64.Build.0 = Release|x64
		{F1698767-C641-4AA9-95F9-6EBAC139CB1D}.Debug|Win32.ActiveCfg = Debug|Win32
		{F1698767-C641-4AA9-95F9-6EBAC139CB1D}.Debug|Win32.Build.0 = Debug|Win32
		{F1698767-C641-4AA9-95F9-6EBAC139CB1D}.Debug|x64.ActiveCfg = Debug|x64
		{F1698767-C641-4AA9-95F9-6EBAC139CB1D}.Debug|x64.Build.0 = Debug|x64
		{F1698767-C641-4AA9-95F9-6EBAC139CB1D}.Release|Win32.ActiveCfg = Release|Win32
		{F1698767-C641-4AA9-95F9-6EBAC139CB1D}.Release|Win32.Build.0 = Release|Win32
		{F1698767-C641-4AA9-95F9-6EBAC139CB1D}.Release|x64.ActiveCfg = Release|x64
		{F1698767-C641-4AA9-95F9-6EBAC139CB1D}.Release|x64.Build.0 = Release|x64
		{235ECE1D-1BED-41C9-975F-26DC0E27920C}.Debug|Win32.ActiveCfg = Debug|Win32
		{235ECE1D-1BED-41C9-975F-26DC0E27920C}.Debug|Win32.Build.0 = Debug|Win32
		{235ECE1D-1BED-41C9-975F-26DC0E27920C}.Debug|x64.ActiveCfg = Debug|x64
		{235ECE1D-1BED-41C9-975F-26DC0E27920C}.Debug|x64.Build.0 = Debug|x64
		{235ECE1D-1BED-41C9-975F-26DC0E27920C}.Release|Win32.ActiveCfg = Release|Win32
		{235ECE1D-1BED-41C9-975F-26DC0E27920C}.Release|Win32.Build.0 = Release|Win32
		{235ECE1D-1BED-41C9-975F-26DC0E27920C}.Release|x64.ActiveCfg = Release|x64
		{235ECE1D-1BED-41C9-975F-26DC0E27920C}.Release|x64.Build.0 = Release|x64
		{E92536B9-BC3D-49D0-89A5-11E25AD1E10B}.Debug|Win32.ActiveCfg = Debug|Win32
		{E92536B9-BC3D-49D0-89A5-11E25AD1E10B}.Debug|Win32.Build.0 = Debug|Win32
		{E92536B9-BC3D-49D0-89A5-11E25AD1E10B}.Debug|x64.ActiveCfg = Debug|x64
		{E92536B9-BC3D-49D0-89A5-11E25AD1E10B}.Debug|x64.Build.0 = Debug|x64
		{E92536B9-BC3D-49D0-89A5-11E25AD1E10B}.Release|Win32.ActiveCfg = Release|Win32
		{E92536B9-BC3D-49D0-89A5-11E25AD1E10B}.Release|Win32.Build.0 = Release|Win32
		{E92536B9-BC3D-49D0-89A5-11E25AD1E10B}.Release|x64.ActiveCfg = Release|x64
		{E92536B9-BC3D-49D0-89A5-11E25AD1E10B}.Release|x64.Build.0 = Release|x64
		{53C82A33-71B5-4EED-8E45-89055E227DDD}.Debug|Win32.ActiveCfg = Debug|Win32
		{53C82A33-71B5-4EED-8E45-89055E227DDD}.Debug|Win32.Build.0 = Debug|Win32
		{53C82A33-71B5-4EED-8E45-89055E227DDD}.Debug|x64.ActiveCfg = Debug|x64
		{53C82A33-71B5-4EED-8E45-89055E227DDD}.Debug|x64.Build.0 = Debug|x64
		{53C82A33-71B5-4EED-8E45-89055E227DDD}.Release|Win32.ActiveCfg = Release|Win32
		{53C82A33-71B5-4EED-8E45-89055E227DDD}.Release|Win32.Build.0 = Release|Win32
		{53C82A33-71B5-4EED-8E45-89055E227DDD}.Release|x64.ActiveCfg = Release|x64
		{53C82A33-71B5-4EED-8E45-89055E227DDD}.Release|x64.Build.0 = Release|x64
		{721DD590-7687-4042-8B22-531EFA435606}.Debug|Win32.ActiveCfg = Debug|Win32
		{721DD590-7687-4042-8B22-531EFA435606}.Debug|Win32.Build.0 = Debug|Win32
		{721DD590-7687-4042-8B22-531EFA435606}.Debug|x64.ActiveCfg = Debug|x64
		{721DD590-7687-4042-8B22-531EFA435606}.Debug|x64.Build.0 = Debug|x64
		{721DD590-7687-4042-8B22-531EFA435606}.Release|Win32.ActiveCfg = Release|Win32
		{721DD590-7687-4042-8B22-531EFA435606}.Release|Win32.Build.0 = Release|Win32
		{721DD590-7687-4042-8B22-531EFA435606}.Release|x64.ActiveCfg = Release|x64
		{721DD590-7687-4042-8B22-531EFA435606}.Release|x64.Build.0 = Release|x64
		{3A8161B6-5E28-4D48-B448-5FAC6A6355CB}.Debug|Win32.ActiveCfg = Debug|Win32
		{3A8161B6-5E28-4D48-B448-5FAC6A6355CB}.Debug|Win32.Build.0 = Debug|Win32
		{3A8161B6-5E28-4D48-B448-5FAC6A6355CB}.Debug|x64.ActiveCfg = Debug|x64
		{3A8161B6-5E28-4D48-B448-5FAC6A6355CB}.Debug|x64.Build.0 = Debug|x64
		{3A8161B6-5E28-4D48-B448-5FAC6A6355CB}.Release|Win32.ActiveCfg = Release|Win32
		{3A8161B6-5E28-4D48-B448-5FAC6A6355CB}.Release|Win32.Build.0 = Release|Win32
		{3A8161B6-5E28-4D48-B448-5FAC6A6355CB}.Release|x64.ActiveCfg = Release|x64
		{3A8161B6-5E28-4D48-B448-5FAC6A6355CB}.Release|x64.Build.0 = Release|x64
		{30BF1764-3491-4937-8A9C-C9F482958DFD}.Debug|Win32.ActiveCfg = Debug|Win32
		{30BF1764-3491-4937-8A9C-C9F482958DFD}.Debug|Win32.Build.0 = Debug|Win32
		{30BF1764-3491-4937-8A9C-C9F482958DFD}.Debug|x64.ActiveCfg = Debug|x64
		{30BF1764-3491-4937-8A9C-C9F482958DFD}.Debug|x64.Build.0 = Debug|x64
		{30BF1764-3491-4937-8A9C-C9F482958DFD}.Release|Win32.ActiveCfg = Release|Win32
		{30BF1764-3491-4937-8A9C-C9F482958DFD}.Release|Win32.Build.0 = Release|Win32
		{30BF1764-3491-4937-8A9C-C9F482958DFD}.Release|x64.ActiveCfg = Release|x64
		{30BF1764-3491-4937-8A9C-C9F482958DFD}.Release|x64.Build.0 = Release|x64
		{C5850AF6-E0E5-48C1-ACA0-A38E12A48E28}.Debug|Win32.ActiveCfg = Debug|Win32
		{C5850AF6-E0E5-48C1-ACA0-A38E12A48E28}.Debug|Win32.Build.0 = Debug|Win32
		{C5850AF6-E0E5-48C1-ACA0-A38E12A48E28}.Debug|x64.ActiveCfg = Debug|x64
		{C5850AF6-E0E5-48C1-ACA0-A38E12A48E28}.Debug|x64.Build.0 = Debug|x64
		{C5850AF6-E0E5-48C1-ACA0-A38E12A48E28}.Release|Win32.ActiveCfg = Release|Win32
		{C5850AF6-E0E5-48C1-ACA0-A38E12A48E28}.Release|Win32.Build.0 = Release|Win32
		{C5850AF6-E0E5-48C1-ACA0-A38E12A48E28}.Release|x64.ActiveCfg = Release|x64
		{C5850AF6-E0E5-48C1-ACA0-A38E12A48E28}.Release|x64.Build.0 = Release|x64
		{54FA8160-0C06-4FA7-9794-20B58E22CD1A}.Debug|Win32.ActiveCfg = Debug|Win32
		{54FA8160-0C06-4FA7-9794-20B58E22CD1A}.Debug|Win32.Build.0 = Debug|Win32
		{54FA8160-0C06-4FA7-9794-20B58E22CD1A}.Debug|x64.ActiveCfg = Debug|x64
		{54FA8160-0C06-4FA7-9794-20B58E22CD1A}.Debug|x64.Build.0 = Debug|x64
		{54FA8160-0C06-4FA7-9794-20B58E22CD1A}.Release|Win32.ActiveCfg = Release|Win32
		{54FA8160-0C06-4FA7-9794-20B58E22CD1A}.Release|Win32.Build.0 = Release|Win32
		{54FA8160-0C06-4FA7-9794-20B58E22CD1A}.Release|x64.ActiveCfg = Release|x64
		{54FA8160-0C06-4FA7-9794-20B58E22CD1A}.Release|x64.Build.0 = Release|x64
		{41789D08-F245-4BF9-ADAD-8D65E3C59A7C}.Debug|Win32.ActiveCfg = Debug|Win32
		{41789D08-F245-4BF9-ADAD-8D65E3C59A7C}.Debug|Win32.Build.0 = Debug|Win32
		{41789D08-F245-4BF9-ADAD-8D65E3C59A7C}.Debug|x64.ActiveCfg = Debug|x64
		{41789D08-F245-4BF9-ADAD-8D65E3C59A7C}.Debug|x64.Build.0 = Debug|x64
		{41789D08-F245-4BF9-ADAD-8D65E3C59A7C}.Release|Win32.ActiveCfg = Release|Win32
		{41789D08-F245-4BF9-ADAD-8D65E3C59A7C}.Release|Win32.Build.0 = Release|Win32
		{41789D08-F245-4BF9-ADAD-8D65E3C59A7C}.Release|x64.ActiveCfg = Release|x64
		{41789D08-F245-4BF9-ADAD-8D65E3C59A7C}.Release|x64.Build.0 = Release|x64
		{B59788B6-44C5-4B7E-97EE-D21E3F7869FB}.Debug|Win32.ActiveCfg = Debug|Win32
		{B59788B6-44C5-4B7E-97EE-D21E3F7869FB}.Debug|Win32.Build.0 = Debug|Win32
		{B59788B6-44C5-4B7E-97EE-D21E3F7869FB}.Debug|x64.ActiveCfg = Debug|x64
		{B59788B6-44C5-4B7E-97EE-D21E3F7869FB}.Debug|x64.Build.0 = Debug|x64
		{B59788B6-44C5-4B7E-97EE-D21E3F7869FB}.Release|Win32.ActiveCfg = Release|Win32
		{B59788B6-44C5-4B7E-97EE-D21E3F7869FB}.Release|Win32.Build.0 = Release|Win32
		{B59788B6-44C5-4B7E-97EE-D21E3F7869FB}.Release|x64.ActiveCfg = Release|x64
		{B59788B6-44C5-4B7E-97EE-D21E3F7869FB}.Release|x64.Build.0 = Release|x64
		{3C08B5CB-EB83-41B9-BCE4-54703B30FCD3}.Debug|Win32.ActiveCfg = Debug|Win32
		{3C08B5CB-EB83-41B9-BCE4-54703B30FCD3}.Debug|Win32.Build.0 = Debug|Win32
		{3C08B5CB-EB83-41B9-BCE4-54703B30FCD3}.Debug|x64.ActiveCfg = Debug|x64
		{3C08B5CB-EB83-41B9-BCE4-54703B30FCD3}.Debug|x64.Build.0 = Debug|x64
		{3C08B5CB-EB83-41B9-BCE4-54703B30FCD3}.Release|Win32.ActiveCfg = Release|Win32
		{3C08B5CB-EB83-41B9-BCE4-54703B30FCD3}.Release|Win32.Build.0 = Release|Win32
		{3C08B5CB-EB83-41B9-BCE4-54703B30FCD3}.Release|x64.ActiveCfg = Release|x64
		{3C08B5CB-EB83-41B9-BCE4-54703B30FCD3}.Release|x64.Build.0 = Release|x64
		{B6CBEDA5-1594-4B29-85D4-B2B55D47AE2E}.Debug|Win32.ActiveCfg = Debug|Win32
		{B6CBEDA5-1594-4B29-85D4-B2B55D47AE2E}.Debug|Win32.Build.0 = Debug|Win32
		{B6CBEDA5-1594-4B29-85D4-B2B55D47AE2E}.Debug|x64.ActiveCfg = Debug|x64
		{B6CBEDA5-1594-4B29-85D4-B2B55D47AE2E}.Debug|x64.Build.0 = Debug|x64
		{B6CBEDA5-1594-4B29-85D4-B2B55D47AE2E}.Release|Win32.ActiveCfg = Release|Win32
		{B6CBEDA5-1594-4B29-85D4-B2B55D47AE2E}.Release|Win32.Build.0 = Release|Win32
		{B6CBEDA5-1594-4B29-85D4-B2B55D47AE2E}.Release|x64.ActiveCfg = Release|x64
		{B6CBEDA5-1594-4B29-85D4-B2B55D47AE2E}.Release|x64.Build.0 = Release|x64
		{26F869C2-4603-4E75-8EAC-548B1B987215}.Debug|Win32.ActiveCfg = Debug|Win32
		{26F869C2-4603-4E75-8EAC-548B1B987215}.Debug|Win32.Build.0 = Debug|Win32
		{26F869C2-4603-4E75-8EAC-548B1B987215}.Debug|x64.ActiveCfg = Debug|x64
		{26F869C2-4603-4E75-8EAC-548B1B987215}.Debug|x64.Build.0 = Debug|x64
		{26F869C2-4603-4E75-8EAC-548B1B987215}.Release|Win32.ActiveCfg = Release|Win32
		{26F869C2-4603-4E75-8EAC-548B1B987215}.Release|Win32.Build.0 = Release|Win32
		{26F869C2-4603-4E75-8EAC-548B1B987215}.Release|x64.ActiveCfg = Release|x64
		{26F869C2-4603-4E75-8EAC-548B1B987215}.Release|x64.Build.0 = Release|x64
		{723B77F9-48E5-48FB-9376-541E49103E78}.Debug|Win32.ActiveCfg = Debug|Win32
		{723B77F9-48E5-48FB-9376-541E49103E78}.Debug|Win32.Build.0 = Debug|Win32
		{723B77F9-48E5-48FB-9376-541E49103E78}.Debug|x64.ActiveCfg = Debug|x64
		{723B77F9-48E5-48FB-9376-541E49103E78}.Debug|x64.Build.0 = Debug|x64
		{723B77F9-48E5-48FB-9376-541E49103E78}.Release|Win32.ActiveCfg = Release|Win32
		{723B77F9-48E5-48FB-9376-541E49103E78}.Release|Win32.Build.0 = Release|Win32
		{723B77F9-48E5-48FB-9376-541E49103E78}.Release|x64.ActiveCfg = Release|x64
		{723B77F9-48E5-48FB-9376-541E49103E78}.Release|x64.Build.0 = Release|x64
		{EF959396-A872-4F49-9CCC-D13D8322CC05}.Debug|Win32.ActiveCfg = Debug|Win32
		{EF959396-A872-4F49-9CCC-D13D8322CC05}.Debug|Win32.Build.0 = Debug|Win32
		{EF959396-A872-4F49-9CCC-D13D8322CC05}.Debug|x64.ActiveCfg = Debug|x64
		{EF959396-A872-4F49-9CCC-D13D8322CC05}.Debug|x64.Build.0 = Debug|x64
		{EF959396-A872-4F49-9CCC-D13D8322CC05}.Release|Win32.ActiveCfg = Release|Win32
		{EF959396-A872-4F49-9CCC-D13D8322CC05}.Release|Win32.Build.0 = Release|Win32
		{EF959396-A872-4F49-9CCC-D13D8322CC05}.Release|x64.ActiveCfg = Release|x64
		{EF959396-A872-4F49-9CCC-D13D8322CC05}.Release|x64.Build.0 = Release|x64
		{6C633A2D-355A-4394-B4C1-BDB4E5F60B29}.Debug|Win32.ActiveCfg = Debug|Win32
		{6C633A2D-355A-4394-B4C1-BDB4E5F60B29}.Debug|Win32.Build.0 = Debug|Win32
		{6C633A2D-355A-4394-B4C1-BDB4E5F60B29}.Debug|x64.ActiveCfg = Debug|x64
		{6C633A2D-355A-4394-B4C1-BDB4E5F60B29}.Debug|x64.Build.0 = Debug|x64
		{6C633A2D-355A-4394-B4C1-BDB4E5F60B29}.Release|Win32.ActiveCfg = Release|Win32
		{6C633A2D-355A-4394-B4C1-BDB4E5F60B29}.Release|Win32.Build.0 = Release|Win32
		{6C633A2D-355A-4394-B4C1-BDB4E5F60B29}.Release|x64.ActiveCfg = Release|x64
		{6C633A2D-355A-4394-B4C1-BDB4E5F60B29}.Release|x64.Build.0 = Release|x64
		{B2EDE536-FC3A-4DB3-A4A5-E4954CF83678}.Debug|Win32.ActiveCfg = Debug|Win32
		{B2EDE536-FC3A-4DB3-A4A5-E4954CF83678}.Debug|Win32.Build.0 = Debug|Win32
		{B2EDE536-FC3A-4DB3-A4A5-E4954CF83678}.Debug|x64.ActiveCfg = Debug|x64
		{B2EDE536-FC3A-4DB3-A4A5-E4954CF83678}.Debug|x64.Build.0 = Debug|x64
		{B2EDE536-FC3A-4DB3-A4A5-E4954CF83678}.Release|Win32.ActiveCfg = Release|Win32
		{B2EDE536-FC3A-4DB3-A4A5-E4954CF83678}.Release|Win32.Build.0 = Release|Win32
		{B2EDE536-FC3A-4DB3-A4A5-E4954CF83678}.Release|x64.ActiveCfg = Release|x64
		{B2EDE536-FC3A-4DB3-A4A5-E4954CF83678}.Release|x64.Build.0 = Release|x64
		{EFE56C93-7042-40CF-AFF5-C41B0FA5F493}.Debug|Win32.ActiveCfg = Debug|Win32
		{EFE56C93-7042-40CF-AFF5-C41B0FA5F493}.Debug|Win32.Build.0 = Debug|Win32
		{EFE56C93-7042-40CF-AFF5-C41B0FA5F493}.Debug|x64.ActiveCfg = Debug|x64
		{EFE56C93-7042-40CF-AFF5-C41B0FA5F493}.Debug|x64.Build.0 = Debug|x64
		{EFE56C93-7042-40CF-AFF5-C41B0FA5F493}.Release|Win32.ActiveCfg = Release|Win32
		{EFE56C93-7042-40CF-AFF5-C41B0FA5F493}.Release|Win32.Build.0 = Release|Win32
		{EFE56C93-7042-40CF-AFF5-C41B0FA5F493}.Release|x64.ActiveCfg = Release|x64
		{EFE56C93-7042-40CF-AFF5-C41B0FA5F493}.Release|x64.Build.0 = Release|x64
		{AB7BDCD0-D1F5-49BB-9547-7E3A7FDE7F1D}.Debug|Win32.ActiveCfg = Debug|Win32
		{AB7BDCD0-D1F5-49BB-9547-7E3A7FDE7F1D}.Debug|Win32.Build.0 = Debug|Win32
		{AB7BDCD0-D1F5-49BB-9547-7E3A7FDE7F1D}.Debug|x64.ActiveCfg = Debug|x64
		{AB7BDCD0-D1F5-49BB-9547-7E3A7FDE7F1D}.Debug|x64.Build.0 = Debug|x64
		{AB7BDCD0-D1F5-49BB-9547-7E3A7FDE7F1D}.Release|Win32.ActiveCfg = Release|Win32
		{AB7BDCD0-D1F5-49BB-9547-7E3A7FDE7F1D}.Release|Win32.Build.0 = Release|Win32
		{AB7BDCD0-D1F5-49BB-9547-7E3A7FDE7F1D}.Release|x64.ActiveCfg = Release|x64
		{AB7BDCD0-D1F5-49BB-9547-7E3A7FDE7F1D}.Release|x64.Build.0 = Release|x64
		{8824E889-0CF7-4591-B306-37E31C5B1C84}.Debug|Win32.ActiveCfg = Debug|Win32
		{8824E889-0CF7-4591-B306-37E31C5B1C84}.Debug|Win32.Build.0 = Debug|Win32
		{8824E889-0CF7-4591-B306-37E31C5B1C84}.Debug|x64.ActiveCfg = Debug|x64
		{8824E889-0CF7-4591-B306-37E31C5B1C84}.Debug|x64.Build.0 = Debug|x64
		{8824E889-0CF7-4591-B306-37E31C5B1C84}.Release|Win32.ActiveCfg = Release|Win32
		{8824E889-0CF7-4591-B306-37E31C5B1C84}.Release|Win32.Build.0 = Release|Win32
		{8824E889-0CF7-4591-B306-37E31C5B1C84}.Release|x64.ActiveCfg = Release|x64
		{8824E889-0CF7-4591-B306-37E31C5B1C84}.Release|x64.Build.0 = Release|x64
		{4D3D3505-8DC6-4035-9335-5158F73A22CE}.Debug|Win32.ActiveCfg = Debug|Win32
		{4D3D3505-8DC6-4035-9335-5158F73A22CE}.Debug|Win32.Build.0 = Debug|Win32
		{4D3D3505-8DC6-4035-9335-5158F73A22CE}.Debug|x64.ActiveCfg = Debug|x64
		{4D3D3505-8DC6-4035-9335-5158F73A22CE}.Debug|x64.Build.0 = Debug|x64
		{4D3D3505-8DC6-4035-9335-5158F73A22CE}.Release|Win32.ActiveCfg = Release|Win32
		{4D3D3505-8DC6-4035-9335-5158F73A22CE}.Release|Win32.Build.0 = Release|Win32
		{4D3D3505-8DC6-4035-9335-5158F73A22CE}.Release|x64.ActiveCfg = Release|x64
		{4D3D3505-8DC6-4035-9335-5158F73A22CE}.Release|x64.Build.0 = Release|x64
		{BEFC5448-4F1D-480C-81CC-9527BD783C0F}.Debug|Win32.ActiveCfg = Debug|Win32
		{BEFC5448-4F1D-480C-81CC-9527BD783C0F}.Debug|Win32.Build.0 = Debug|Win32
		{BEFC5448-4F1D-480C-81CC-9527BD783C0F}.Debug|x64.ActiveCfg = Debug|x64
		{BEFC5448-4F1D-480C-81CC-9527BD783C0F}.Debug|x64.Build.0 = Debug|x64
		{BEFC5448-4F1D-480C-81CC-9527BD783C0F}.Release|Win32.ActiveCfg = Release|Win32
		{BEFC5448-4F1D-480C-81CC-9527BD783C0F}.Release|Win32.Build.0 = Release|Win32
		{BEFC5448-4F1D-480C-81CC-9527BD783C0F}.Release|x64.ActiveCfg = Release|x64
		{BEFC5448-4F1D-480C-81CC-9527BD783C0F}.Release|x64.Build.0 = Release|x64
		{A565336C-AB7C-401F-B4D3-B880CB5B6C99}.Debug|Win32.ActiveCfg = Debug|Win32
		{A565336C-AB7C-401F-B4D3-B880CB5B6C99}.Debug|Win32.Build.0 = Debug|Win32
		{A565336C-AB7C-401F-B4D3-B880CB5B6C99}.Debug|x64.ActiveCfg = Debug|x64
		{A565336C-AB7C-401F-B4D3-B880CB5B6C99}.Debug|x64.Build.0 = Debug|x64
		{A565336C-AB7C-401F-B4D3-B880CB5B6C99}.Release|Win32.ActiveCfg = Release|Win32
		{A565336C-AB7C-401F-B4D3-B880CB5B6C99}.Release|Win32.Build.0 = Release|Win32
		{A565336C-AB7C-401F-B4D3-B880CB5B6C99}.Release|x64.ActiveCfg = Release|x64
		{A565336C-AB7C-401F-B4D3-B880CB5B6C99}.Release|x64.Build.0 = Release|x64
		{50D40CCA-F6A9-472C-98C1-99BBA2E8080B}.Debug|Win32.ActiveCfg = Debug|Win32
		{50D40CCA-F6A9-472C-98C1-99BBA2E8080B}.Debug|Win32.Build.0 = Debug|Win32
		{50D40CCA-F6A9-472C-98C1-99BBA2E8080B}.Debug|x64.ActiveCfg = Debug|x64
		{50D40CCA-F6A9-472C-98C1-99BBA2E8080B}.Debug|x64.Build.0 = Debug|x64
		{50D40CCA-F6A9-472C-98C1-99BBA2E8080B}.Release|Win32.ActiveCfg = Release|Win32
		{50D40CCA-F6A9-472C-98C1-99BBA2E8080B}.Release|Win32.Build.0 = Release|Win32
		{50D40CCA-F6A9-472C-98C1-99BBA2E8080B}.Release|x64.ActiveCfg = Release|x64
		{50D40CCA-F6A9-472C-98C1-99BBA2E8080B}.Release|x64.Build.0 = Release|x64
		{B532FFE8-4DEA-4DF5-ABD1-51618346C4A9}.Debug|Win32.ActiveCfg = Debug|Win32
		{B532FFE8-4DEA-4DF5-ABD1-51618346C4A9}.Debug|Win32.Build.0 = Debug|Win32
		{B532FFE8-4DEA-4DF5-ABD1-51618346C4A9}.Debug|x64.ActiveCfg = Debug|x64
		{B532FFE8-4DEA-4DF5-ABD1-51618346C4A9}.Debug|x64.Build.0 = Debug|x64
		{B532FFE8-4DEA-4DF5-ABD1-51618346C4A9}.Release|Win32.ActiveCfg = Release|Win32
		{B532FFE8-4DEA-4DF5-ABD1-51618346C4A9}.Release|Win32.Build.0 = Release|Win32
		{B532FFE8-4DEA-4DF5-ABD1-51618346C4A9}.Release|x64.ActiveCfg = Release|x64
		{B532FFE8-4DEA-4DF5-ABD1-51618346C4A9}.Release|x64.Build.0 = Release|x64
		{E446F259-C2A7-46C8-AEBB-A5CF1D5D9B77}.Debug|Win32.ActiveCfg = Debug|Win32
		{E446F259-C2A7-46C8-AEBB-A5CF1D5D9B77}.Debug|Win32.Build.0 = Debug|Win32
		{E446F259-C2A7-46C8-AEBB-A5CF1D5D9B77}.Debug|x64.ActiveCfg = Debug|x64
		{E446F259-C2A7-46C8-AEBB-A5CF1D5D9B77}.Debug|x64.Build.0 = Debug|x64
		{E446F259-C2A7-46C8-AEBB-A5CF1D5D9B77}.Release|Win32.ActiveCfg = Release|Win32
		{E446F259-C2A7-46C8-AEBB-A5CF1D5D9B77}.Release|Win32.Build.0 = Release|Win32
		{E446F259-C2A7-46C8-AEBB-A5CF1D5D9B77}.Release|x64.ActiveCfg = Release|x64
		{E446F259-C2A7-46C8-AEBB-A5CF1D5D9B77}.Release|x64.Build.0 = Release|x64
		{F64730A2-E780-4CD7-BB26-201C5519A538}.Debug|Win32.ActiveCfg = Debug|Win32
		{F64730A2-E780-4CD7-BB26-201C5519A538}.Debug|Win32.Build.0 = Debug|Win32
		{F64730A2-E780-4CD7-BB26-201C5519A538}.Debug|x64.ActiveCfg = Debug|x64
		{F64730A2-E780-4CD7-BB26-201C5519A538}.Debug|x64.Build.0 = Debug|x64
		{F64730A2-E780-4CD7-BB26-201C5519A538}.Release|Win32.ActiveCfg = Release|Win32
		{F64730A2-E780-4CD7-BB26-201C5519A538}.Release|Win32.Build.0 = Release|Win32
		{F64730A2-E780-4CD7-BB26-201C5519A538}.Release|x64.ActiveCfg = Release|x64
		{F64730A2-E780-4CD7-BB26-201C5519A538}.Release|x64.Build.0 = Release|x64
		{6D56B86C-6E56-4466-BB79-EBD3EE010B38}.Debug|Win32.ActiveCfg = Debug|Win32
		{6D56B86C-6E56-4466-BB79-EBD3EE010B38}.Debug|Win32.Build.0 = Debug|Win32
		{6D56B86C-6E56-4466-BB79-EBD3EE010B38}.Debug|x64.ActiveCfg = Debug|x64
		{6D56B86C-6E56-4466-BB79-EBD3EE010B38}.Debug|x64.Build.0 = Debug|x64
		{6D56B86C-6E56-4466-BB79-EBD3EE010B38}.Release|Win32.ActiveCfg = Release|Win32
		{6D56B86C-6E56-4466-BB79-EBD3EE010B38}.Release|Win32.Build.0 = Release|Win32
		{6D56B86C-6E56-4466-BB79-EBD3EE010B38}.Release|x64.ActiveCfg = Release|x64
		{6D56B86C-6E56-4466-BB79-EBD3EE010B38}.Release|x64.Build.0 = Release|x64
		{C8E6D789-0870-4718-AE2E-2AB34F8BFAF0}.Debug|Win32.ActiveCfg = Debug|Win32
		{C8E6D789-0870-4718-AE2E-2AB34F8BFAF0}.Debug|Win32.Build.0 = Debug|Win32
		{C8E6D789-0870-4718-AE2E-2AB34F8BFAF0}.Debug|x64.ActiveCfg = Debug|x64
		{C8E6D789-0870-4718-AE2E-2AB34F8BFAF0}.Debug|x64.Build.0 = Debug|x64
		{C8E6D789-0870-4718-AE2E-2AB34F8BFAF0}.Release|Win32.ActiveCfg = Release|Win32
		{C8E6D789-0870-4718-AE2E-2AB34F8BFAF0}.Release|Win32.Build.0 = Release|Win32
		{C8E6D789-0870-4718-AE2E-2AB34F8BFAF0}.Release|x64.ActiveCfg = Release|x64
		{C8E6D789-0870-4718-AE2E-2AB34F8BFAF0}.Release|x64.Build.0 = Release|x64
		{97DA9A98-A08A-422C-AFAD-326E362E3187}.Debug|Win32.ActiveCfg = Debug|Win32
		{97DA9A98-A08A-422C-AFAD-326E362E3187}.Debug|Win32.Build.0 = Debug|Win32
		{97DA9A98-A08A-422C-AFAD-326E362E3187}.Debug|x64.ActiveCfg = Debug|x64
		{97DA9A98-A08A-422C-AFAD-326E362E3187}.Debug|x64.Build.0 = Debug|x64
		{97DA9A98-A08A-422C-AFAD-326E362E3187}.Release|Win32.ActiveCfg = Release|Win32
		{97DA9A98-A08A-422C-AFAD-326E362E3187}.Release|Win32.Build.0 = Release|Win32
		{97DA9A98-A08A-422C-AFAD-326E362E3187}.Release|x64.ActiveCfg = Release|x64
		{97DA9A98-A08A-422C-AFAD-326E362E3187}.Release|x64.Build.0 = Release|x64
		{28B7AD32-8B9E-4CB3-9C81-72B2D4A549A4}.Debug|Win32.ActiveCfg = Debug|Win32
		{28B7AD32-8B9E-4CB3-9C81-72B2D4A549A4}.Debug|Win32.Build.0 = Debug|Win32
		{28B7AD32-8B9E-4CB3-9C81-72B2D4A549A4}.Debug|x64.ActiveCfg = Debug|x64
		{28B7AD32-8B9E-4CB3-9C81-72B2D4A549A4}.Debug|x64.Build.0 = Debug|x64
		{28B7AD32-8B9E-4CB3-9C81-72B2D4A549A4}.Release|Win32.ActiveCfg = Release|Win32
		{28B7AD32-8B9E-4CB3-9C81-72B2D4A549A4}.Release|Win32.Build.0 = Release|Win32
		{28B7AD32-8B9E-4CB3-9C81-72B2D4A549A4}.Release|x64.ActiveCfg = Release|x64
		{28B7AD32-8B9E-4CB3-9C81-72B2D4A549A4}.Release|x64.Build.0 = Release|x64
		{93F04E51-B7BC-451C-96A3-69D29656299B}.Debug|Win32.ActiveCfg = Debug|Win32
		{93F04E51-B7BC-451C-96A3-69D29656299B}.Debug|Win32.Build.0 = Debug|Win32
		{93F04E51-B7BC-451C-96A3-69D29656299B}.Debug|x64.ActiveCfg = Debug|x64
		{93F04E51-B7BC-451C-96A3-69D29656299B}.Debug|x64.Build.0 = Debug|x64
		{93F04E51-B7BC-451C-96A3-69D29656299B}.Release|Win32.ActiveCfg = Release|Win32
		{93F04E51-B7BC-451C-96A3-69D29656299B}.Release|Win32.Build.0 = Release|Win32
		{93F04E51-B7BC-451C-96A3-69D29656299B}.Release|x64.ActiveCfg = Release|x64
		{93F04E51-B7BC-451C-96A3-69D29656299B}.Release|x64.Build.0 = Release|x64
	EndGlobalSection
	GlobalSection(SolutionProperties) = preSolution
		HideSolutionNode = FALSE
	EndGlobalSection
	GlobalSection(NestedProjects) = preSolution
		{39097165-8869-496E-95EA-D7ED087AE966} = {6D716468-881E-4447-B442-5A9ACAE0CA20}
		{CC478951-6A36-4A0D-B022-A846A6DE72F5} = {6D716468-881E-4447-B442-5A9ACAE0CA20}
		{F1698767-C641-4AA9-95F9-6EBAC139CB1D} = {ACD318CE-325F-4554-9875-ADB66601ED5D}
		{235ECE1D-1BED-41C9-975F-26DC0E27920C} = {ACD318CE-325F-4554-9875-ADB66601ED5D}
		{E92536B9-BC3D-49D0-89A5-11E25AD1E10B} = {ACD318CE-325F-4554-9875-ADB66601ED5D}
		{53C82A33-71B5-4EED-8E45-89055E227DDD} = {6D716468-881E-4447-B442-5A9ACAE0CA20}
		{721DD590-7687-4042-8B22-531EFA435606} = {ACD318CE-325F-4554-9875-ADB66601ED5D}
		{3A8161B6-5E28-4D48-B448-5FAC6A6355CB} = {6D716468-881E-4447-B442-5A9ACAE0CA20}
		{30BF1764-3491-4937-8A9C-C9F482958DFD} = {6D716468-881E-4447-B442-5A9ACAE0CA20}
		{C5850AF6-E0E5-48C1-ACA0-A38E12A48E28} = {ACD318CE-325F-4554-9875-ADB66601ED5D}
		{54FA8160-0C06-4FA7-9794-20B58E22CD1A} = {ACD318CE-325F-4554-9875-ADB66601ED5D}
		{41789D08-F245-4BF9-ADAD-8D65E3C59A7C} = {ACD318CE-325F-4554-9875-ADB66601ED5D}
		{B59788B6-44C5-4B7E-97EE-D21E3F7869FB} = {ACD318CE-325F-4554-9875-ADB66601ED5D}
		{3C08B5CB-EB83-41B9-BCE4-54703B30FCD3} = {ACD318CE-325F-4554-9875-ADB66601ED5D}
		{B6CBEDA5-1594-4B29-85D4-B2B55D47AE2E} = {B99D7D78-90E1-4C98-9B9B-D924B72CB87D}
		{723B77F9-48E5-48FB-9376-541E49103E78} = {CEB2DFFB-6E31-4CC3-851C-D4A058A74549}
		{EF959396-A872-4F49-9CCC-D13D8322CC05} = {CEB2DFFB-6E31-4CC3-851C-D4A058A74549}
		{6C633A2D-355A-4394-B4C1-BDB4E5F60B29} = {6D716468-881E-4447-B442-5A9ACAE0CA20}
		{CEB2DFFB-6E31-4CC3-851C-D4A058A74549} = {6D716468-881E-4447-B442-5A9ACAE0CA20}
		{B2EDE536-FC3A-4DB3-A4A5-E4954CF83678} = {CEB2DFFB-6E31-4CC3-851C-D4A058A74549}
		{88009213-3817-49B5-8B76-251353B999C9} = {6D716468-881E-4447-B442-5A9ACAE0CA20}
		{EFE56C93-7042-40CF-AFF5-C41B0FA5F493} = {88009213-3817-49B5-8B76-251353B999C9}
		{AB7BDCD0-D1F5-49BB-9547-7E3A7FDE7F1D} = {88009213-3817-49B5-8B76-251353B999C9}
		{8824E889-0CF7-4591-B306-37E31C5B1C84} = {88009213-3817-49B5-8B76-251353B999C9}
		{ACD318CE-325F-4554-9875-ADB66601ED5D} = {6D716468-881E-4447-B442-5A9ACAE0CA20}
		{4D3D3505-8DC6-4035-9335-5158F73A22CE} = {CEB2DFFB-6E31-4CC3-851C-D4A058A74549}
		{BEFC5448-4F1D-480C-81CC-9527BD783C0F} = {ACD318CE-325F-4554-9875-ADB66601ED5D}
		{A565336C-AB7C-401F-B4D3-B880CB5B6C99} = {CEB2DFFB-6E31-4CC3-851C-D4A058A74549}
		{50D40CCA-F6A9-472C-98C1-99BBA2E8080B} = {ACD318CE-325F-4554-9875-ADB66601ED5D}
		{B532FFE8-4DEA-4DF5-ABD1-51618346C4A9} = {CEB2DFFB-6E31-4CC3-851C-D4A058A74549}
		{E446F259-C2A7-46C8-AEBB-A5CF1D5D9B77} = {CEB2DFFB-6E31-4CC3-851C-D4A058A74549}
		{F64730A2-E780-4CD7-BB26-201C5519A538} = {CEB2DFFB-6E31-4CC3-851C-D4A058A74549}
		{6D56B86C-6E56-4466-BB79-EBD3EE010B38} = {CEB2DFFB-6E31-4CC3-851C-D4A058A74549}
		{B99D7D78-90E1-4C98-9B9B-D924B72CB87D} = {6D716468-881E-4447-B442-5A9ACAE0CA20}
		{C8E6D789-0870-4718-AE2E-2AB34F8BFAF0} = {CEB2DFFB-6E31-4CC3-851C-D4A058A74549}
		{97DA9A98-A08A-422C-AFAD-326E362E3187} = {CEB2DFFB-6E31-4CC3-851C-D4A058A74549}
		{28B7AD32-8B9E-4CB3-9C81-72B2D4A549A4} = {CEB2DFFB-6E31-4CC3-851C-D4A058A74549}
		{93F04E51-B7BC-451C-96A3-69D29656299B} = {ACD318CE-325F-4554-9875-ADB66601ED5D}
	EndGlobalSection
	GlobalSection(ExtensibilityGlobals) = postSolution
		SolutionGuid = {42D0876B-9FC6-41C9-8F37-E95B46CD3046}
	EndGlobalSection
EndGlobal
