
Microsoft Visual Studio Solution File, Format Version 12.00
# Visual Studio 15
VisualStudioVersion = 15.0.26730.12
MinimumVisualStudioVersion = 10.0.40219.1
Project("{8BC9CEB8-8B4A-11D0-8D11-00A0C91BC942}") = "ccdk", "ccdk\Core.vcxproj", "{9CF25D83-D719-4757-B9E5-D21517BD5A7C}"
EndProject
Project("{8BC9CEB8-8B4A-11D0-8D11-00A0C91BC942}") = "test.cpp14", "test\test.c++14\test_charactor.vcxproj", "{39097165-8869-496E-95EA-D7ED087AE966}"
EndProject
Project("{2150E333-8FDC-42A3-9474-1A3956D46DE8}") = "test", "test", "{6D716468-881E-4447-B442-5A9ACAE0CA20}"
EndProject
Project("{8BC9CEB8-8B4A-11D0-8D11-00A0C91BC942}") = "test.pp", "test\test.pp\test_pp.vcxproj", "{CC478951-6A36-4A0D-B022-A846A6DE72F5}"
EndProject
Project("{8BC9CEB8-8B4A-11D0-8D11-00A0C91BC942}") = "test.mpl.smart_ptr", "test\test.mpl.smart_ptr\test.mpl.smart_ptr.vcxproj", "{F1698767-C641-4AA9-95F9-6EBAC139CB1D}"
EndProject
Project("{8BC9CEB8-8B4A-11D0-8D11-00A0C91BC942}") = "test.mpl.function", "test\test.mpl.function\test_function.vcxproj", "{235ECE1D-1BED-41C9-975F-26DC0E27920C}"
EndProject
Project("{8BC9CEB8-8B4A-11D0-8D11-00A0C91BC942}") = "test.mpl.type_traits", "test\test.mpl.type_traits\test_type_trait.vcxproj", "{E92536B9-BC3D-49D0-89A5-11E25AD1E10B}"
EndProject
Project("{8BC9CEB8-8B4A-11D0-8D11-00A0C91BC942}") = "test_boost", "test\test_boost\test_boost.vcxproj", "{53C82A33-71B5-4EED-8E45-89055E227DDD}"
EndProject
Project("{8BC9CEB8-8B4A-11D0-8D11-00A0C91BC942}") = "test.mpl.core", "test\test.mpl.core\test.mpl.core.vcxproj", "{721DD590-7687-4042-8B22-531EFA435606}"
EndProject
Project("{8BC9CEB8-8B4A-11D0-8D11-00A0C91BC942}") = "test_regexp", "test\test_regexp\test_regexp.vcxproj", "{3A8161B6-5E28-4D48-B448-5FAC6A6355CB}"
EndProject
Project("{8BC9CEB8-8B4A-11D0-8D11-00A0C91BC942}") = "char_traits", "test\char_traits\char_traits.vcxproj", "{B702C3B8-35B5-4340-97B7-74339CB4FA7D}"
EndProject
Project("{8BC9CEB8-8B4A-11D0-8D11-00A0C91BC942}") = "test_view", "test\test_view\test_view.vcxproj", "{30BF1764-3491-4937-8A9C-C9F482958DFD}"
EndProject
Project("{8BC9CEB8-8B4A-11D0-8D11-00A0C91BC942}") = "test_mpl_units", "test\test_mpl_units\test_mpl_units.vcxproj", "{C5850AF6-E0E5-48C1-ACA0-A38E12A48E28}"
EndProject
Project("{8BC9CEB8-8B4A-11D0-8D11-00A0C91BC942}") = "test.mpl.mcontainer", "test\test.mpl.mcontainer\test.mpl.mcontainer.vcxproj", "{54FA8160-0C06-4FA7-9794-20B58E22CD1A}"
EndProject
Project("{8BC9CEB8-8B4A-11D0-8D11-00A0C91BC942}") = "test.mpl.mstate_machine", "test\test.mpl.mstate_machine\test.mpl.mstate_machine.vcxproj", "{41789D08-F245-4BF9-ADAD-8D65E3C59A7C}"
EndProject
Project("{8BC9CEB8-8B4A-11D0-8D11-00A0C91BC942}") = "test.mpl.fusion", "test\test.mpl.fusion\test.mpl.fusion.vcxproj", "{B59788B6-44C5-4B7E-97EE-D21E3F7869FB}"
EndProject
Project("{8BC9CEB8-8B4A-11D0-8D11-00A0C91BC942}") = "test.mpl.memory", "test\test.mpl.memory\test.mpl.memory.vcxproj", "{3C08B5CB-EB83-41B9-BCE4-54703B30FCD3}"
EndProject
Project("{8BC9CEB8-8B4A-11D0-8D11-00A0C91BC942}") = "test.text.string", "test\test.text.string\test.text.string.vcxproj", "{B6CBEDA5-1594-4B29-85D4-B2B55D47AE2E}"
EndProject
Project("{8BC9CEB8-8B4A-11D0-8D11-00A0C91BC942}") = "algorithm", "algorithm\algorithm.vcxproj", "{26F869C2-4603-4E75-8EAC-548B1B987215}"
EndProject
Project("{8BC9CEB8-8B4A-11D0-8D11-00A0C91BC942}") = "test.container.vector", "test\test.container.vector\test.container.vector.vcxproj", "{723B77F9-48E5-48FB-9376-541E49103E78}"
EndProject
Project("{8BC9CEB8-8B4A-11D0-8D11-00A0C91BC942}") = "test.container.list", "test\test.container.list\test.container.list.vcxproj", "{F64730A2-E780-4CD7-BB26-201C5519A538}"
EndProject
Project("{8BC9CEB8-8B4A-11D0-8D11-00A0C91BC942}") = "test.container.array", "test\test.container.array\test.container.array.vcxproj", "{EF959396-A872-4F49-9CCC-D13D8322CC05}"
EndProject
Project("{8BC9CEB8-8B4A-11D0-8D11-00A0C91BC942}") = "tcmalloc_test", "tcmalloc_test\tcmalloc_test.vcxproj", "{6C633A2D-355A-4394-B4C1-BDB4E5F60B29}"
EndProject
Global
	GlobalSection(SolutionConfigurationPlatforms) = preSolution
		Debug|Win32 = Debug|Win32
		Debug|x64 = Debug|x64
		Release|Win32 = Release|Win32
		Release|x64 = Release|x64
	EndGlobalSection
	GlobalSection(ProjectConfigurationPlatforms) = postSolution
		{9CF25D83-D719-4757-B9E5-D21517BD5A7C}.Debug|Win32.ActiveCfg = Debug|Win32
		{9CF25D83-D719-4757-B9E5-D21517BD5A7C}.Debug|Win32.Build.0 = Debug|Win32
		{9CF25D83-D719-4757-B9E5-D21517BD5A7C}.Debug|x64.ActiveCfg = Debug|Win32
		{9CF25D83-D719-4757-B9E5-D21517BD5A7C}.Release|Win32.ActiveCfg = Release|Win32
		{9CF25D83-D719-4757-B9E5-D21517BD5A7C}.Release|Win32.Build.0 = Release|Win32
		{9CF25D83-D719-4757-B9E5-D21517BD5A7C}.Release|x64.ActiveCfg = Release|Win32
		{39097165-8869-496E-95EA-D7ED087AE966}.Debug|Win32.ActiveCfg = Debug|Win32
		{39097165-8869-496E-95EA-D7ED087AE966}.Debug|Win32.Build.0 = Debug|Win32
		{39097165-8869-496E-95EA-D7ED087AE966}.Debug|x64.ActiveCfg = Debug|x64
		{39097165-8869-496E-95EA-D7ED087AE966}.Debug|x64.Build.0 = Debug|x64
		{39097165-8869-496E-95EA-D7ED087AE966}.Release|Win32.ActiveCfg = Release|Win32
		{39097165-8869-496E-95EA-D7ED087AE966}.Release|Win32.Build.0 = Release|Win32
		{39097165-8869-496E-95EA-D7ED087AE966}.Release|x64.ActiveCfg = Release|x64
		{39097165-8869-496E-95EA-D7ED087AE966}.Release|x64.Build.0 = Release|x64
		{CC478951-6A36-4A0D-B022-A846A6DE72F5}.Debug|Win32.ActiveCfg = Debug|Win32
		{CC478951-6A36-4A0D-B022-A846A6DE72F5}.Debug|Win32.Build.0 = Debug|Win32
		{CC478951-6A36-4A0D-B022-A846A6DE72F5}.Debug|x64.ActiveCfg = Debug|x64
		{CC478951-6A36-4A0D-B022-A846A6DE72F5}.Debug|x64.Build.0 = Debug|x64
		{CC478951-6A36-4A0D-B022-A846A6DE72F5}.Release|Win32.ActiveCfg = Release|Win32
		{CC478951-6A36-4A0D-B022-A846A6DE72F5}.Release|Win32.Build.0 = Release|Win32
		{CC478951-6A36-4A0D-B022-A846A6DE72F5}.Release|x64.ActiveCfg = Release|x64
		{CC478951-6A36-4A0D-B022-A846A6DE72F5}.Release|x64.Build.0 = Release|x64
		{F1698767-C641-4AA9-95F9-6EBAC139CB1D}.Debug|Win32.ActiveCfg = Debug|Win32
		{F1698767-C641-4AA9-95F9-6EBAC139CB1D}.Debug|Win32.Build.0 = Debug|Win32
		{F1698767-C641-4AA9-95F9-6EBAC139CB1D}.Debug|x64.ActiveCfg = Debug|x64
		{F1698767-C641-4AA9-95F9-6EBAC139CB1D}.Debug|x64.Build.0 = Debug|x64
		{F1698767-C641-4AA9-95F9-6EBAC139CB1D}.Release|Win32.ActiveCfg = Release|Win32
		{F1698767-C641-4AA9-95F9-6EBAC139CB1D}.Release|Win32.Build.0 = Release|Win32
		{F1698767-C641-4AA9-95F9-6EBAC139CB1D}.Release|x64.ActiveCfg = Release|x64
		{F1698767-C641-4AA9-95F9-6EBAC139CB1D}.Release|x64.Build.0 = Release|x64
		{235ECE1D-1BED-41C9-975F-26DC0E27920C}.Debug|Win32.ActiveCfg = Debug|Win32
		{235ECE1D-1BED-41C9-975F-26DC0E27920C}.Debug|Win32.Build.0 = Debug|Win32
		{235ECE1D-1BED-41C9-975F-26DC0E27920C}.Debug|x64.ActiveCfg = Debug|x64
		{235ECE1D-1BED-41C9-975F-26DC0E27920C}.Debug|x64.Build.0 = Debug|x64
		{235ECE1D-1BED-41C9-975F-26DC0E27920C}.Release|Win32.ActiveCfg = Release|Win32
		{235ECE1D-1BED-41C9-975F-26DC0E27920C}.Release|Win32.Build.0 = Release|Win32
		{235ECE1D-1BED-41C9-975F-26DC0E27920C}.Release|x64.ActiveCfg = Release|x64
		{235ECE1D-1BED-41C9-975F-26DC0E27920C}.Release|x64.Build.0 = Release|x64
		{E92536B9-BC3D-49D0-89A5-11E25AD1E10B}.Debug|Win32.ActiveCfg = Debug|Win32
		{E92536B9-BC3D-49D0-89A5-11E25AD1E10B}.Debug|Win32.Build.0 = Debug|Win32
		{E92536B9-BC3D-49D0-89A5-11E25AD1E10B}.Debug|x64.ActiveCfg = Debug|x64
		{E92536B9-BC3D-49D0-89A5-11E25AD1E10B}.Debug|x64.Build.0 = Debug|x64
		{E92536B9-BC3D-49D0-89A5-11E25AD1E10B}.Release|Win32.ActiveCfg = Release|Win32
		{E92536B9-BC3D-49D0-89A5-11E25AD1E10B}.Release|Win32.Build.0 = Release|Win32
		{E92536B9-BC3D-49D0-89A5-11E25AD1E10B}.Release|x64.ActiveCfg = Release|x64
		{E92536B9-BC3D-49D0-89A5-11E25AD1E10B}.Release|x64.Build.0 = Release|x64
		{53C82A33-71B5-4EED-8E45-89055E227DDD}.Debug|Win32.ActiveCfg = Debug|Win32
		{53C82A33-71B5-4EED-8E45-89055E227DDD}.Debug|Win32.Build.0 = Debug|Win32
		{53C82A33-71B5-4EED-8E45-89055E227DDD}.Debug|x64.ActiveCfg = Debug|x64
		{53C82A33-71B5-4EED-8E45-89055E227DDD}.Debug|x64.Build.0 = Debug|x64
		{53C82A33-71B5-4EED-8E45-89055E227DDD}.Release|Win32.ActiveCfg = Release|Win32
		{53C82A33-71B5-4EED-8E45-89055E227DDD}.Release|Win32.Build.0 = Release|Win32
		{53C82A33-71B5-4EED-8E45-89055E227DDD}.Release|x64.ActiveCfg = Release|x64
		{53C82A33-71B5-4EED-8E45-89055E227DDD}.Release|x64.Build.0 = Release|x64
		{721DD590-7687-4042-8B22-531EFA435606}.Debug|Win32.ActiveCfg = Debug|Win32
		{721DD590-7687-4042-8B22-531EFA435606}.Debug|Win32.Build.0 = Debug|Win32
		{721DD590-7687-4042-8B22-531EFA435606}.Debug|x64.ActiveCfg = Debug|x64
		{721DD590-7687-4042-8B22-531EFA435606}.Debug|x64.Build.0 = Debug|x64
		{721DD590-7687-4042-8B22-531EFA435606}.Release|Win32.ActiveCfg = Release|Win32
		{721DD590-7687-4042-8B22-531EFA435606}.Release|Win32.Build.0 = Release|Win32
		{721DD590-7687-4042-8B22-531EFA435606}.Release|x64.ActiveCfg = Release|x64
		{721DD590-7687-4042-8B22-531EFA435606}.Release|x64.Build.0 = Release|x64
		{3A8161B6-5E28-4D48-B448-5FAC6A6355CB}.Debug|Win32.ActiveCfg = Debug|Win32
		{3A8161B6-5E28-4D48-B448-5FAC6A6355CB}.Debug|Win32.Build.0 = Debug|Win32
		{3A8161B6-5E28-4D48-B448-5FAC6A6355CB}.Debug|x64.ActiveCfg = Debug|x64
		{3A8161B6-5E28-4D48-B448-5FAC6A6355CB}.Debug|x64.Build.0 = Debug|x64
		{3A8161B6-5E28-4D48-B448-5FAC6A6355CB}.Release|Win32.ActiveCfg = Release|Win32
		{3A8161B6-5E28-4D48-B448-5FAC6A6355CB}.Release|Win32.Build.0 = Release|Win32
		{3A8161B6-5E28-4D48-B448-5FAC6A6355CB}.Release|x64.ActiveCfg = Release|x64
		{3A8161B6-5E28-4D48-B448-5FAC6A6355CB}.Release|x64.Build.0 = Release|x64
		{B702C3B8-35B5-4340-97B7-74339CB4FA7D}.Debug|Win32.ActiveCfg = Debug|Win32
		{B702C3B8-35B5-4340-97B7-74339CB4FA7D}.Debug|Win32.Build.0 = Debug|Win32
		{B702C3B8-35B5-4340-97B7-74339CB4FA7D}.Debug|x64.ActiveCfg = Debug|x64
		{B702C3B8-35B5-4340-97B7-74339CB4FA7D}.Debug|x64.Build.0 = Debug|x64
		{B702C3B8-35B5-4340-97B7-74339CB4FA7D}.Release|Win32.ActiveCfg = Release|Win32
		{B702C3B8-35B5-4340-97B7-74339CB4FA7D}.Release|Win32.Build.0 = Release|Win32
		{B702C3B8-35B5-4340-97B7-74339CB4FA7D}.Release|x64.ActiveCfg = Release|x64
		{B702C3B8-35B5-4340-97B7-74339CB4FA7D}.Release|x64.Build.0 = Release|x64
		{30BF1764-3491-4937-8A9C-C9F482958DFD}.Debug|Win32.ActiveCfg = Debug|Win32
		{30BF1764-3491-4937-8A9C-C9F482958DFD}.Debug|Win32.Build.0 = Debug|Win32
		{30BF1764-3491-4937-8A9C-C9F482958DFD}.Debug|x64.ActiveCfg = Debug|x64
		{30BF1764-3491-4937-8A9C-C9F482958DFD}.Debug|x64.Build.0 = Debug|x64
		{30BF1764-3491-4937-8A9C-C9F482958DFD}.Release|Win32.ActiveCfg = Release|Win32
		{30BF1764-3491-4937-8A9C-C9F482958DFD}.Release|Win32.Build.0 = Release|Win32
		{30BF1764-3491-4937-8A9C-C9F482958DFD}.Release|x64.ActiveCfg = Release|x64
		{30BF1764-3491-4937-8A9C-C9F482958DFD}.Release|x64.Build.0 = Release|x64
		{C5850AF6-E0E5-48C1-ACA0-A38E12A48E28}.Debug|Win32.ActiveCfg = Debug|Win32
		{C5850AF6-E0E5-48C1-ACA0-A38E12A48E28}.Debug|Win32.Build.0 = Debug|Win32
		{C5850AF6-E0E5-48C1-ACA0-A38E12A48E28}.Debug|x64.ActiveCfg = Debug|x64
		{C5850AF6-E0E5-48C1-ACA0-A38E12A48E28}.Debug|x64.Build.0 = Debug|x64
		{C5850AF6-E0E5-48C1-ACA0-A38E12A48E28}.Release|Win32.ActiveCfg = Release|Win32
		{C5850AF6-E0E5-48C1-ACA0-A38E12A48E28}.Release|Win32.Build.0 = Release|Win32
		{C5850AF6-E0E5-48C1-ACA0-A38E12A48E28}.Release|x64.ActiveCfg = Release|x64
		{C5850AF6-E0E5-48C1-ACA0-A38E12A48E28}.Release|x64.Build.0 = Release|x64
		{54FA8160-0C06-4FA7-9794-20B58E22CD1A}.Debug|Win32.ActiveCfg = Debug|Win32
		{54FA8160-0C06-4FA7-9794-20B58E22CD1A}.Debug|Win32.Build.0 = Debug|Win32
		{54FA8160-0C06-4FA7-9794-20B58E22CD1A}.Debug|x64.ActiveCfg = Debug|x64
		{54FA8160-0C06-4FA7-9794-20B58E22CD1A}.Debug|x64.Build.0 = Debug|x64
		{54FA8160-0C06-4FA7-9794-20B58E22CD1A}.Release|Win32.ActiveCfg = Release|Win32
		{54FA8160-0C06-4FA7-9794-20B58E22CD1A}.Release|Win32.Build.0 = Release|Win32
		{54FA8160-0C06-4FA7-9794-20B58E22CD1A}.Release|x64.ActiveCfg = Release|x64
		{54FA8160-0C06-4FA7-9794-20B58E22CD1A}.Release|x64.Build.0 = Release|x64
		{41789D08-F245-4BF9-ADAD-8D65E3C59A7C}.Debug|Win32.ActiveCfg = Debug|Win32
		{41789D08-F245-4BF9-ADAD-8D65E3C59A7C}.Debug|Win32.Build.0 = Debug|Win32
		{41789D08-F245-4BF9-ADAD-8D65E3C59A7C}.Debug|x64.ActiveCfg = Debug|x64
		{41789D08-F245-4BF9-ADAD-8D65E3C59A7C}.Debug|x64.Build.0 = Debug|x64
		{41789D08-F245-4BF9-ADAD-8D65E3C59A7C}.Release|Win32.ActiveCfg = Release|Win32
		{41789D08-F245-4BF9-ADAD-8D65E3C59A7C}.Release|Win32.Build.0 = Release|Win32
		{41789D08-F245-4BF9-ADAD-8D65E3C59A7C}.Release|x64.ActiveCfg = Release|x64
		{41789D08-F245-4BF9-ADAD-8D65E3C59A7C}.Release|x64.Build.0 = Release|x64
		{B59788B6-44C5-4B7E-97EE-D21E3F7869FB}.Debug|Win32.ActiveCfg = Debug|Win32
		{B59788B6-44C5-4B7E-97EE-D21E3F7869FB}.Debug|Win32.Build.0 = Debug|Win32
		{B59788B6-44C5-4B7E-97EE-D21E3F7869FB}.Debug|x64.ActiveCfg = Debug|x64
		{B59788B6-44C5-4B7E-97EE-D21E3F7869FB}.Debug|x64.Build.0 = Debug|x64
		{B59788B6-44C5-4B7E-97EE-D21E3F7869FB}.Release|Win32.ActiveCfg = Release|Win32
		{B59788B6-44C5-4B7E-97EE-D21E3F7869FB}.Release|Win32.Build.0 = Release|Win32
		{B59788B6-44C5-4B7E-97EE-D21E3F7869FB}.Release|x64.ActiveCfg = Release|x64
		{B59788B6-44C5-4B7E-97EE-D21E3F7869FB}.Release|x64.Build.0 = Release|x64
		{3C08B5CB-EB83-41B9-BCE4-54703B30FCD3}.Debug|Win32.ActiveCfg = Debug|Win32
		{3C08B5CB-EB83-41B9-BCE4-54703B30FCD3}.Debug|Win32.Build.0 = Debug|Win32
		{3C08B5CB-EB83-41B9-BCE4-54703B30FCD3}.Debug|x64.ActiveCfg = Debug|x64
		{3C08B5CB-EB83-41B9-BCE4-54703B30FCD3}.Debug|x64.Build.0 = Debug|x64
		{3C08B5CB-EB83-41B9-BCE4-54703B30FCD3}.Release|Win32.ActiveCfg = Release|Win32
		{3C08B5CB-EB83-41B9-BCE4-54703B30FCD3}.Release|Win32.Build.0 = Release|Win32
		{3C08B5CB-EB83-41B9-BCE4-54703B30FCD3}.Release|x64.ActiveCfg = Release|x64
		{3C08B5CB-EB83-41B9-BCE4-54703B30FCD3}.Release|x64.Build.0 = Release|x64
		{B6CBEDA5-1594-4B29-85D4-B2B55D47AE2E}.Debug|Win32.ActiveCfg = Debug|Win32
		{B6CBEDA5-1594-4B29-85D4-B2B55D47AE2E}.Debug|Win32.Build.0 = Debug|Win32
		{B6CBEDA5-1594-4B29-85D4-B2B55D47AE2E}.Debug|x64.ActiveCfg = Debug|x64
		{B6CBEDA5-1594-4B29-85D4-B2B55D47AE2E}.Debug|x64.Build.0 = Debug|x64
		{B6CBEDA5-1594-4B29-85D4-B2B55D47AE2E}.Release|Win32.ActiveCfg = Release|Win32
		{B6CBEDA5-1594-4B29-85D4-B2B55D47AE2E}.Release|Win32.Build.0 = Release|Win32
		{B6CBEDA5-1594-4B29-85D4-B2B55D47AE2E}.Release|x64.ActiveCfg = Release|x64
		{B6CBEDA5-1594-4B29-85D4-B2B55D47AE2E}.Release|x64.Build.0 = Release|x64
		{26F869C2-4603-4E75-8EAC-548B1B987215}.Debug|Win32.ActiveCfg = Debug|Win32
		{26F869C2-4603-4E75-8EAC-548B1B987215}.Debug|Win32.Build.0 = Debug|Win32
		{26F869C2-4603-4E75-8EAC-548B1B987215}.Debug|x64.ActiveCfg = Debug|x64
		{26F869C2-4603-4E75-8EAC-548B1B987215}.Debug|x64.Build.0 = Debug|x64
		{26F869C2-4603-4E75-8EAC-548B1B987215}.Release|Win32.ActiveCfg = Release|Win32
		{26F869C2-4603-4E75-8EAC-548B1B987215}.Release|Win32.Build.0 = Release|Win32
		{26F869C2-4603-4E75-8EAC-548B1B987215}.Release|x64.ActiveCfg = Release|x64
		{26F869C2-4603-4E75-8EAC-548B1B987215}.Release|x64.Build.0 = Release|x64
		{723B77F9-48E5-48FB-9376-541E49103E78}.Debug|Win32.ActiveCfg = Debug|Win32
		{723B77F9-48E5-48FB-9376-541E49103E78}.Debug|Win32.Build.0 = Debug|Win32
		{723B77F9-48E5-48FB-9376-541E49103E78}.Debug|x64.ActiveCfg = Debug|x64
		{723B77F9-48E5-48FB-9376-541E49103E78}.Debug|x64.Build.0 = Debug|x64
		{723B77F9-48E5-48FB-9376-541E49103E78}.Release|Win32.ActiveCfg = Release|Win32
		{723B77F9-48E5-48FB-9376-541E49103E78}.Release|Win32.Build.0 = Release|Win32
		{723B77F9-48E5-48FB-9376-541E49103E78}.Release|x64.ActiveCfg = Release|x64
		{723B77F9-48E5-48FB-9376-541E49103E78}.Release|x64.Build.0 = Release|x64
		{F64730A2-E780-4CD7-BB26-201C5519A538}.Debug|Win32.ActiveCfg = Debug|Win32
		{F64730A2-E780-4CD7-BB26-201C5519A538}.Debug|Win32.Build.0 = Debug|Win32
		{F64730A2-E780-4CD7-BB26-201C5519A538}.Debug|x64.ActiveCfg = Debug|x64
		{F64730A2-E780-4CD7-BB26-201C5519A538}.Debug|x64.Build.0 = Debug|x64
		{F64730A2-E780-4CD7-BB26-201C5519A538}.Release|Win32.ActiveCfg = Release|Win32
		{F64730A2-E780-4CD7-BB26-201C5519A538}.Release|Win32.Build.0 = Release|Win32
		{F64730A2-E780-4CD7-BB26-201C5519A538}.Release|x64.ActiveCfg = Release|x64
		{F64730A2-E780-4CD7-BB26-201C5519A538}.Release|x64.Build.0 = Release|x64
		{EF959396-A872-4F49-9CCC-D13D8322CC05}.Debug|Win32.ActiveCfg = Debug|Win32
		{EF959396-A872-4F49-9CCC-D13D8322CC05}.Debug|Win32.Build.0 = Debug|Win32
		{EF959396-A872-4F49-9CCC-D13D8322CC05}.Debug|x64.ActiveCfg = Debug|x64
		{EF959396-A872-4F49-9CCC-D13D8322CC05}.Debug|x64.Build.0 = Debug|x64
		{EF959396-A872-4F49-9CCC-D13D8322CC05}.Release|Win32.ActiveCfg = Release|Win32
		{EF959396-A872-4F49-9CCC-D13D8322CC05}.Release|Win32.Build.0 = Release|Win32
		{EF959396-A872-4F49-9CCC-D13D8322CC05}.Release|x64.ActiveCfg = Release|x64
		{EF959396-A872-4F49-9CCC-D13D8322CC05}.Release|x64.Build.0 = Release|x64
		{6C633A2D-355A-4394-B4C1-BDB4E5F60B29}.Debug|Win32.ActiveCfg = Debug|Win32
		{6C633A2D-355A-4394-B4C1-BDB4E5F60B29}.Debug|Win32.Build.0 = Debug|Win32
		{6C633A2D-355A-4394-B4C1-BDB4E5F60B29}.Debug|x64.ActiveCfg = Debug|x64
		{6C633A2D-355A-4394-B4C1-BDB4E5F60B29}.Debug|x64.Build.0 = Debug|x64
		{6C633A2D-355A-4394-B4C1-BDB4E5F60B29}.Release|Win32.ActiveCfg = Release|Win32
		{6C633A2D-355A-4394-B4C1-BDB4E5F60B29}.Release|Win32.Build.0 = Release|Win32
		{6C633A2D-355A-4394-B4C1-BDB4E5F60B29}.Release|x64.ActiveCfg = Release|x64
		{6C633A2D-355A-4394-B4C1-BDB4E5F60B29}.Release|x64.Build.0 = Release|x64
	EndGlobalSection
	GlobalSection(SolutionProperties) = preSolution
		HideSolutionNode = FALSE
	EndGlobalSection
	GlobalSection(NestedProjects) = preSolution
		{39097165-8869-496E-95EA-D7ED087AE966} = {6D716468-881E-4447-B442-5A9ACAE0CA20}
		{CC478951-6A36-4A0D-B022-A846A6DE72F5} = {6D716468-881E-4447-B442-5A9ACAE0CA20}
		{F1698767-C641-4AA9-95F9-6EBAC139CB1D} = {6D716468-881E-4447-B442-5A9ACAE0CA20}
		{235ECE1D-1BED-41C9-975F-26DC0E27920C} = {6D716468-881E-4447-B442-5A9ACAE0CA20}
		{E92536B9-BC3D-49D0-89A5-11E25AD1E10B} = {6D716468-881E-4447-B442-5A9ACAE0CA20}
		{53C82A33-71B5-4EED-8E45-89055E227DDD} = {6D716468-881E-4447-B442-5A9ACAE0CA20}
		{721DD590-7687-4042-8B22-531EFA435606} = {6D716468-881E-4447-B442-5A9ACAE0CA20}
		{3A8161B6-5E28-4D48-B448-5FAC6A6355CB} = {6D716468-881E-4447-B442-5A9ACAE0CA20}
		{B702C3B8-35B5-4340-97B7-74339CB4FA7D} = {6D716468-881E-4447-B442-5A9ACAE0CA20}
		{30BF1764-3491-4937-8A9C-C9F482958DFD} = {6D716468-881E-4447-B442-5A9ACAE0CA20}
		{C5850AF6-E0E5-48C1-ACA0-A38E12A48E28} = {6D716468-881E-4447-B442-5A9ACAE0CA20}
		{54FA8160-0C06-4FA7-9794-20B58E22CD1A} = {6D716468-881E-4447-B442-5A9ACAE0CA20}
		{41789D08-F245-4BF9-ADAD-8D65E3C59A7C} = {6D716468-881E-4447-B442-5A9ACAE0CA20}
		{B59788B6-44C5-4B7E-97EE-D21E3F7869FB} = {6D716468-881E-4447-B442-5A9ACAE0CA20}
		{3C08B5CB-EB83-41B9-BCE4-54703B30FCD3} = {6D716468-881E-4447-B442-5A9ACAE0CA20}
		{B6CBEDA5-1594-4B29-85D4-B2B55D47AE2E} = {6D716468-881E-4447-B442-5A9ACAE0CA20}
		{723B77F9-48E5-48FB-9376-541E49103E78} = {6D716468-881E-4447-B442-5A9ACAE0CA20}
		{F64730A2-E780-4CD7-BB26-201C5519A538} = {6D716468-881E-4447-B442-5A9ACAE0CA20}
		{EF959396-A872-4F49-9CCC-D13D8322CC05} = {6D716468-881E-4447-B442-5A9ACAE0CA20}
		{6C633A2D-355A-4394-B4C1-BDB4E5F60B29} = {6D716468-881E-4447-B442-5A9ACAE0CA20}
	EndGlobalSection
	GlobalSection(ExtensibilityGlobals) = postSolution
		SolutionGuid = {42D0876B-9FC6-41C9-8F37-E95B46CD3046}
	EndGlobalSection
EndGlobal
