
Microsoft Visual Studio Solution File, Format Version 12.00
# Visual Studio 15
VisualStudioVersion = 15.0.26730.12
MinimumVisualStudioVersion = 10.0.40219.1
Project("{8BC9CEB8-8B4A-11D0-8D11-00A0C91BC942}") = "Aurora3D", "src\Aurora3D.vcxproj", "{2A8BBC1B-400D-45B4-9E3D-20FB0C8A1671}"
EndProject
Project("{8BC9CEB8-8B4A-11D0-8D11-00A0C91BC942}") = "core", "core\Core.vcxproj", "{9CF25D83-D719-4757-B9E5-D21517BD5A7C}"
EndProject
Project("{8BC9CEB8-8B4A-11D0-8D11-00A0C91BC942}") = "test", "test\Test.vcxproj", "{337CFA6C-E916-44FF-B83A-2CC13D8C2A47}"
EndProject
Project("{8BC9CEB8-8B4A-11D0-8D11-00A0C91BC942}") = "test_core_pp", "test_pp\test_pp.vcxproj", "{CC478951-6A36-4A0D-B022-A846A6DE72F5}"
EndProject
Project("{8BC9CEB8-8B4A-11D0-8D11-00A0C91BC942}") = "linux_test", "linux_test\linux_test.vcxproj", "{A9F6F136-C21F-4B20-BCCA-D003ABD725DB}"
EndProject
Global
	GlobalSection(SolutionConfigurationPlatforms) = preSolution
		Debug|Win32 = Debug|Win32
		Debug|x64 = Debug|x64
		Release|Win32 = Release|Win32
		Release|x64 = Release|x64
	EndGlobalSection
	GlobalSection(ProjectConfigurationPlatforms) = postSolution
		{2A8BBC1B-400D-45B4-9E3D-20FB0C8A1671}.Debug|Win32.ActiveCfg = Debug|Win32
		{2A8BBC1B-400D-45B4-9E3D-20FB0C8A1671}.Debug|Win32.Build.0 = Debug|Win32
		{2A8BBC1B-400D-45B4-9E3D-20FB0C8A1671}.Debug|x64.ActiveCfg = Debug|x64
		{2A8BBC1B-400D-45B4-9E3D-20FB0C8A1671}.Debug|x64.Build.0 = Debug|x64
		{2A8BBC1B-400D-45B4-9E3D-20FB0C8A1671}.Release|Win32.ActiveCfg = Release|Win32
		{2A8BBC1B-400D-45B4-9E3D-20FB0C8A1671}.Release|Win32.Build.0 = Release|Win32
		{2A8BBC1B-400D-45B4-9E3D-20FB0C8A1671}.Release|x64.ActiveCfg = Release|x64
		{2A8BBC1B-400D-45B4-9E3D-20FB0C8A1671}.Release|x64.Build.0 = Release|x64
		{9CF25D83-D719-4757-B9E5-D21517BD5A7C}.Debug|Win32.ActiveCfg = Debug|Win32
		{9CF25D83-D719-4757-B9E5-D21517BD5A7C}.Debug|Win32.Build.0 = Debug|Win32
		{9CF25D83-D719-4757-B9E5-D21517BD5A7C}.Debug|x64.ActiveCfg = Debug|Win32
		{9CF25D83-D719-4757-B9E5-D21517BD5A7C}.Release|Win32.ActiveCfg = Release|Win32
		{9CF25D83-D719-4757-B9E5-D21517BD5A7C}.Release|Win32.Build.0 = Release|Win32
		{9CF25D83-D719-4757-B9E5-D21517BD5A7C}.Release|x64.ActiveCfg = Release|Win32
		{337CFA6C-E916-44FF-B83A-2CC13D8C2A47}.Debug|Win32.ActiveCfg = Debug|Win32
		{337CFA6C-E916-44FF-B83A-2CC13D8C2A47}.Debug|Win32.Build.0 = Debug|Win32
		{337CFA6C-E916-44FF-B83A-2CC13D8C2A47}.Debug|Win32.Deploy.0 = Debug|Win32
		{337CFA6C-E916-44FF-B83A-2CC13D8C2A47}.Debug|x64.ActiveCfg = Debug|x64
		{337CFA6C-E916-44FF-B83A-2CC13D8C2A47}.Debug|x64.Build.0 = Debug|x64
		{337CFA6C-E916-44FF-B83A-2CC13D8C2A47}.Debug|x64.Deploy.0 = Debug|x64
		{337CFA6C-E916-44FF-B83A-2CC13D8C2A47}.Release|Win32.ActiveCfg = Release|Win32
		{337CFA6C-E916-44FF-B83A-2CC13D8C2A47}.Release|Win32.Build.0 = Release|Win32
		{337CFA6C-E916-44FF-B83A-2CC13D8C2A47}.Release|Win32.Deploy.0 = Release|Win32
		{337CFA6C-E916-44FF-B83A-2CC13D8C2A47}.Release|x64.ActiveCfg = Release|x64
		{337CFA6C-E916-44FF-B83A-2CC13D8C2A47}.Release|x64.Build.0 = Release|x64
		{337CFA6C-E916-44FF-B83A-2CC13D8C2A47}.Release|x64.Deploy.0 = Release|x64
		{CC478951-6A36-4A0D-B022-A846A6DE72F5}.Debug|Win32.ActiveCfg = Debug|Win32
		{CC478951-6A36-4A0D-B022-A846A6DE72F5}.Debug|Win32.Build.0 = Debug|Win32
		{CC478951-6A36-4A0D-B022-A846A6DE72F5}.Debug|x64.ActiveCfg = Debug|x64
		{CC478951-6A36-4A0D-B022-A846A6DE72F5}.Debug|x64.Build.0 = Debug|x64
		{CC478951-6A36-4A0D-B022-A846A6DE72F5}.Release|Win32.ActiveCfg = Release|Win32
		{CC478951-6A36-4A0D-B022-A846A6DE72F5}.Release|Win32.Build.0 = Release|Win32
		{CC478951-6A36-4A0D-B022-A846A6DE72F5}.Release|x64.ActiveCfg = Release|x64
		{CC478951-6A36-4A0D-B022-A846A6DE72F5}.Release|x64.Build.0 = Release|x64
		{A9F6F136-C21F-4B20-BCCA-D003ABD725DB}.Debug|Win32.ActiveCfg = Debug|Win32
		{A9F6F136-C21F-4B20-BCCA-D003ABD725DB}.Debug|Win32.Build.0 = Debug|Win32
		{A9F6F136-C21F-4B20-BCCA-D003ABD725DB}.Debug|x64.ActiveCfg = Debug|x64
		{A9F6F136-C21F-4B20-BCCA-D003ABD725DB}.Debug|x64.Build.0 = Debug|x64
		{A9F6F136-C21F-4B20-BCCA-D003ABD725DB}.Release|Win32.ActiveCfg = Release|Win32
		{A9F6F136-C21F-4B20-BCCA-D003ABD725DB}.Release|Win32.Build.0 = Release|Win32
		{A9F6F136-C21F-4B20-BCCA-D003ABD725DB}.Release|x64.ActiveCfg = Release|x64
		{A9F6F136-C21F-4B20-BCCA-D003ABD725DB}.Release|x64.Build.0 = Release|x64
	EndGlobalSection
	GlobalSection(SolutionProperties) = preSolution
		HideSolutionNode = FALSE
	EndGlobalSection
	GlobalSection(ExtensibilityGlobals) = postSolution
		SolutionGuid = {42D0876B-9FC6-41C9-8F37-E95B46CD3046}
	EndGlobalSection
EndGlobal
