<?xml version="1.0" encoding="utf-8"?>
<Project ToolsVersion="4.0" xmlns="http://schemas.microsoft.com/developer/msbuild/2003">
  <ItemGroup>
    <Filter Include="math">
      <UniqueIdentifier>{bf9df51c-06bf-4bf1-a08d-b8fb0eef3de1}</UniqueIdentifier>
    </Filter>
    <Filter Include="filesystem">
      <UniqueIdentifier>{399943a3-a555-4a86-84b3-b2c080dcd2d8}</UniqueIdentifier>
    </Filter>
    <Filter Include="container">
      <UniqueIdentifier>{4efb1de1-6821-4155-8e96-da88890e6842}</UniqueIdentifier>
    </Filter>
    <Filter Include="memory">
      <UniqueIdentifier>{53a06abf-f421-4603-84b7-4b683d880e0f}</UniqueIdentifier>
    </Filter>
    <Filter Include="preprocessor">
      <UniqueIdentifier>{aaa970fb-831d-4f26-8748-97760875ca7f}</UniqueIdentifier>
    </Filter>
    <Filter Include="preprocessor\impl">
      <UniqueIdentifier>{158b3518-609c-4045-b141-835991562cb9}</UniqueIdentifier>
    </Filter>
    <Filter Include="mpl">
      <UniqueIdentifier>{b10c4845-fa84-4d83-84b9-b58fa95834de}</UniqueIdentifier>
    </Filter>
    <Filter Include="mpl\type_trait">
      <UniqueIdentifier>{1cbec206-79c4-48af-ad1c-7cdf1c70e9b9}</UniqueIdentifier>
    </Filter>
    <Filter Include="mpl\base">
      <UniqueIdentifier>{21c54ea0-d126-456d-bf3d-f8cc36bfb7db}</UniqueIdentifier>
    </Filter>
    <Filter Include="mpl\type_trait\impl">
      <UniqueIdentifier>{74b6b3cd-90c6-4cee-9395-db23514e5200}</UniqueIdentifier>
    </Filter>
    <Filter Include="mpl\util">
      <UniqueIdentifier>{8e19dafe-fdcf-4be2-95a5-3dc6e5791c95}</UniqueIdentifier>
    </Filter>
    <Filter Include="mpl\unit">
      <UniqueIdentifier>{d2be537e-e5f8-434c-aee5-13fdbb1ed1d7}</UniqueIdentifier>
    </Filter>
    <Filter Include="mpl\function">
      <UniqueIdentifier>{435ec450-2e2f-4bf5-8557-18f19ce3872f}</UniqueIdentifier>
    </Filter>
    <Filter Include="mpl\fusion">
      <UniqueIdentifier>{5c9414c8-2d0f-48b8-87ba-5b6ef3b7f54f}</UniqueIdentifier>
    </Filter>
    <Filter Include="mpl\smart_ptr">
      <UniqueIdentifier>{5d6b5634-5177-412f-ae32-617d3e997e36}</UniqueIdentifier>
    </Filter>
    <Filter Include="thread">
      <UniqueIdentifier>{ca26e5ea-dbd5-4c47-8c97-dfc629e67102}</UniqueIdentifier>
    </Filter>
    <Filter Include="net">
      <UniqueIdentifier>{38ed2fe1-4897-4ef5-bb35-0571bd9b848e}</UniqueIdentifier>
    </Filter>
    <Filter Include="system">
      <UniqueIdentifier>{b8d0c192-e497-4091-bb3b-8743dd1ec62a}</UniqueIdentifier>
    </Filter>
  </ItemGroup>
  <ItemGroup>
    <ClInclude Include="compile.h" />
    <ClInclude Include="type.h" />
    <ClInclude Include="log\log.h" />
    <ClInclude Include="filesystem\path.h">
      <Filter>filesystem</Filter>
    </ClInclude>
    <ClInclude Include="filesystem\reader.h">
      <Filter>filesystem</Filter>
    </ClInclude>
    <ClInclude Include="filesystem\writer.h">
      <Filter>filesystem</Filter>
    </ClInclude>
    <ClInclude Include="container\string.h">
      <Filter>container</Filter>
    </ClInclude>
    <ClInclude Include="container\string_ref.h">
      <Filter>container</Filter>
    </ClInclude>
    <ClInclude Include="container\char_trait.h">
      <Filter>container</Filter>
    </ClInclude>
    <ClInclude Include="container\vector.h">
      <Filter>container</Filter>
    </ClInclude>
    <ClInclude Include="container\bidirection_list.h">
      <Filter>container</Filter>
    </ClInclude>
    <ClInclude Include="container\forward_list.h">
      <Filter>container</Filter>
    </ClInclude>
    <ClInclude Include="container\hash_map.h">
      <Filter>container</Filter>
    </ClInclude>
    <ClInclude Include="container\hash_set.h">
      <Filter>container</Filter>
    </ClInclude>
    <ClInclude Include="container\skip_map.h">
      <Filter>container</Filter>
    </ClInclude>
    <ClInclude Include="container\skip_set.h">
      <Filter>container</Filter>
    </ClInclude>
    <ClInclude Include="container\concurrent_hash_map.h">
      <Filter>container</Filter>
    </ClInclude>
    <ClInclude Include="container\concurrent_hash_set.h">
      <Filter>container</Filter>
    </ClInclude>
    <ClInclude Include="container\lockfree_circular_queue.h">
      <Filter>container</Filter>
    </ClInclude>
    <ClInclude Include="math\capsule.h">
      <Filter>math</Filter>
    </ClInclude>
    <ClInclude Include="math\color4.h">
      <Filter>math</Filter>
    </ClInclude>
    <ClInclude Include="math\euler.h">
      <Filter>math</Filter>
    </ClInclude>
    <ClInclude Include="math\math_fwd.h">
      <Filter>math</Filter>
    </ClInclude>
    <ClInclude Include="math\math_impl.h">
      <Filter>math</Filter>
    </ClInclude>
    <ClInclude Include="math\matrix4.h">
      <Filter>math</Filter>
    </ClInclude>
    <ClInclude Include="math\plane.h">
      <Filter>math</Filter>
    </ClInclude>
    <ClInclude Include="math\quaternion.h">
      <Filter>math</Filter>
    </ClInclude>
    <ClInclude Include="math\sphere.h">
      <Filter>math</Filter>
    </ClInclude>
    <ClInclude Include="math\vector2.h">
      <Filter>math</Filter>
    </ClInclude>
    <ClInclude Include="math\vector3.h">
      <Filter>math</Filter>
    </ClInclude>
    <ClInclude Include="math\vector4.h">
      <Filter>math</Filter>
    </ClInclude>
    <ClInclude Include="math\float16x8.h">
      <Filter>math</Filter>
    </ClInclude>
    <ClInclude Include="math\uint8x16.h">
      <Filter>math</Filter>
    </ClInclude>
    <ClInclude Include="math\uint8x32.h">
      <Filter>math</Filter>
    </ClInclude>
    <ClInclude Include="math\float16x16.h">
      <Filter>math</Filter>
    </ClInclude>
    <ClInclude Include="math\vector_runtime_support.h">
      <Filter>math</Filter>
    </ClInclude>
    <ClInclude Include="math\vector4x2.h">
      <Filter>math</Filter>
    </ClInclude>
    <ClInclude Include="math\float32.h">
      <Filter>math</Filter>
    </ClInclude>
    <ClInclude Include="math\float16.h">
      <Filter>math</Filter>
    </ClInclude>
    <ClInclude Include="math\quantity.h">
      <Filter>math</Filter>
    </ClInclude>
    <ClInclude Include="preprocessor\bool_and.h">
      <Filter>preprocessor</Filter>
    </ClInclude>
    <ClInclude Include="preprocessor\bool_equal.h">
      <Filter>preprocessor</Filter>
    </ClInclude>
    <ClInclude Include="preprocessor\bool_if.h">
      <Filter>preprocessor</Filter>
    </ClInclude>
    <ClInclude Include="preprocessor\bool_if_comma.h">
      <Filter>preprocessor</Filter>
    </ClInclude>
    <ClInclude Include="preprocessor\bool_less.h">
      <Filter>preprocessor</Filter>
    </ClInclude>
    <ClInclude Include="preprocessor\bool_not.h">
      <Filter>preprocessor</Filter>
    </ClInclude>
    <ClInclude Include="preprocessor\bool_or.h">
      <Filter>preprocessor</Filter>
    </ClInclude>
    <ClInclude Include="preprocessor\bool_xor.h">
      <Filter>preprocessor</Filter>
    </ClInclude>
    <ClInclude Include="preprocessor\connect.h">
      <Filter>preprocessor</Filter>
    </ClInclude>
    <ClInclude Include="preprocessor\ingore.h">
      <Filter>preprocessor</Filter>
    </ClInclude>
    <ClInclude Include="preprocessor\range_alias.h">
      <Filter>preprocessor</Filter>
    </ClInclude>
    <ClInclude Include="preprocessor\range_call.h">
      <Filter>preprocessor</Filter>
    </ClInclude>
    <ClInclude Include="preprocessor\range_inner_call.h">
      <Filter>preprocessor</Filter>
    </ClInclude>
    <ClInclude Include="preprocessor\range_prefix.h">
      <Filter>preprocessor</Filter>
    </ClInclude>
    <ClInclude Include="preprocessor\range_wrap.h">
      <Filter>preprocessor</Filter>
    </ClInclude>
    <ClInclude Include="preprocessor\seq_at.h">
      <Filter>preprocessor</Filter>
    </ClInclude>
    <ClInclude Include="preprocessor\seq_compose.h">
      <Filter>preprocessor</Filter>
    </ClInclude>
    <ClInclude Include="preprocessor\seq_expand.h">
      <Filter>preprocessor</Filter>
    </ClInclude>
    <ClInclude Include="preprocessor\seq_foreach_item.h">
      <Filter>preprocessor</Filter>
    </ClInclude>
    <ClInclude Include="preprocessor\seq_foreach_tuple.h">
      <Filter>preprocessor</Filter>
    </ClInclude>
    <ClInclude Include="preprocessor\seq_size.h">
      <Filter>preprocessor</Filter>
    </ClInclude>
    <ClInclude Include="preprocessor\seq_unpack.h">
      <Filter>preprocessor</Filter>
    </ClInclude>
    <ClInclude Include="preprocessor\sign.h">
      <Filter>preprocessor</Filter>
    </ClInclude>
    <ClInclude Include="preprocessor\stringize.h">
      <Filter>preprocessor</Filter>
    </ClInclude>
    <ClInclude Include="preprocessor\uint8_add_n.h">
      <Filter>preprocessor</Filter>
    </ClInclude>
    <ClInclude Include="preprocessor\uint8_add_one.h">
      <Filter>preprocessor</Filter>
    </ClInclude>
    <ClInclude Include="preprocessor\uint8_comma_if.h">
      <Filter>preprocessor</Filter>
    </ClInclude>
    <ClInclude Include="preprocessor\uint8_div.h">
      <Filter>preprocessor</Filter>
    </ClInclude>
    <ClInclude Include="preprocessor\uint8_equal.h">
      <Filter>preprocessor</Filter>
    </ClInclude>
    <ClInclude Include="preprocessor\uint8_greater.h">
      <Filter>preprocessor</Filter>
    </ClInclude>
    <ClInclude Include="preprocessor\uint8_greater_equal.h">
      <Filter>preprocessor</Filter>
    </ClInclude>
    <ClInclude Include="preprocessor\uint8_if.h">
      <Filter>preprocessor</Filter>
    </ClInclude>
    <ClInclude Include="preprocessor\uint8_is_zero.h">
      <Filter>preprocessor</Filter>
    </ClInclude>
    <ClInclude Include="preprocessor\uint8_less.h">
      <Filter>preprocessor</Filter>
    </ClInclude>
    <ClInclude Include="preprocessor\uint8_less_equal.h">
      <Filter>preprocessor</Filter>
    </ClInclude>
    <ClInclude Include="preprocessor\uint8_mod.h">
      <Filter>preprocessor</Filter>
    </ClInclude>
    <ClInclude Include="preprocessor\uint8_mul.h">
      <Filter>preprocessor</Filter>
    </ClInclude>
    <ClInclude Include="preprocessor\uint8_not_equal.h">
      <Filter>preprocessor</Filter>
    </ClInclude>
    <ClInclude Include="preprocessor\uint8_shift_right.h">
      <Filter>preprocessor</Filter>
    </ClInclude>
    <ClInclude Include="preprocessor\uint8_sub_n.h">
      <Filter>preprocessor</Filter>
    </ClInclude>
    <ClInclude Include="preprocessor\while.h">
      <Filter>preprocessor</Filter>
    </ClInclude>
    <ClInclude Include="preprocessor\impl\bit4_all_zero.h">
      <Filter>preprocessor\impl</Filter>
    </ClInclude>
    <ClInclude Include="preprocessor\impl\bit4x4_add.h">
      <Filter>preprocessor\impl</Filter>
    </ClInclude>
    <ClInclude Include="preprocessor\impl\bit4x4_equal.h">
      <Filter>preprocessor\impl</Filter>
    </ClInclude>
    <ClInclude Include="preprocessor\impl\bit4x4_less.h">
      <Filter>preprocessor\impl</Filter>
    </ClInclude>
    <ClInclude Include="preprocessor\impl\bit4x4_sub.h">
      <Filter>preprocessor\impl</Filter>
    </ClInclude>
    <ClInclude Include="preprocessor\impl\byte_add.h">
      <Filter>preprocessor\impl</Filter>
    </ClInclude>
    <ClInclude Include="preprocessor\impl\byte_div.h">
      <Filter>preprocessor\impl</Filter>
    </ClInclude>
    <ClInclude Include="preprocessor\impl\byte_equal.h">
      <Filter>preprocessor\impl</Filter>
    </ClInclude>
    <ClInclude Include="preprocessor\impl\byte_greater.h">
      <Filter>preprocessor\impl</Filter>
    </ClInclude>
    <ClInclude Include="preprocessor\impl\byte_less.h">
      <Filter>preprocessor\impl</Filter>
    </ClInclude>
    <ClInclude Include="preprocessor\impl\byte_mod.h">
      <Filter>preprocessor\impl</Filter>
    </ClInclude>
    <ClInclude Include="preprocessor\impl\byte_mul.h">
      <Filter>preprocessor\impl</Filter>
    </ClInclude>
    <ClInclude Include="preprocessor\impl\byte_not_equal.h">
      <Filter>preprocessor\impl</Filter>
    </ClInclude>
    <ClInclude Include="preprocessor\impl\byte_shift_attribute.h">
      <Filter>preprocessor\impl</Filter>
    </ClInclude>
    <ClInclude Include="preprocessor\impl\byte_shift_left.h">
      <Filter>preprocessor\impl</Filter>
    </ClInclude>
    <ClInclude Include="preprocessor\impl\byte_shift_right.h">
      <Filter>preprocessor\impl</Filter>
    </ClInclude>
    <ClInclude Include="preprocessor\impl\byte_sub.h">
      <Filter>preprocessor\impl</Filter>
    </ClInclude>
    <ClInclude Include="preprocessor\impl\byte_to_bool.h">
      <Filter>preprocessor\impl</Filter>
    </ClInclude>
    <ClInclude Include="preprocessor\impl\byte_to_uint8.h">
      <Filter>preprocessor\impl</Filter>
    </ClInclude>
    <ClInclude Include="preprocessor\uint8_sub_one.h">
      <Filter>preprocessor</Filter>
    </ClInclude>
    <ClInclude Include="mpl\type_traits\add_const.h">
      <Filter>mpl\type_trait</Filter>
    </ClInclude>
    <ClInclude Include="mpl\type_traits\add_cv.h">
      <Filter>mpl\type_trait</Filter>
    </ClInclude>
    <ClInclude Include="mpl\type_traits\add_pointer.h">
      <Filter>mpl\type_trait</Filter>
    </ClInclude>
    <ClInclude Include="mpl\type_traits\add_top_const.h">
      <Filter>mpl\type_trait</Filter>
    </ClInclude>
    <ClInclude Include="mpl\type_traits\add_volatile.h">
      <Filter>mpl\type_trait</Filter>
    </ClInclude>
    <ClInclude Include="mpl\type_traits\align_of.h">
      <Filter>mpl\type_trait</Filter>
    </ClInclude>
    <ClInclude Include="mpl\type_traits\aligned_storage.h">
      <Filter>mpl\type_trait</Filter>
    </ClInclude>
    <ClInclude Include="mpl\type_traits\array_length.h">
      <Filter>mpl\type_trait</Filter>
    </ClInclude>
    <ClInclude Include="mpl\type_traits\compatible_type.h">
      <Filter>mpl\type_trait</Filter>
    </ClInclude>
    <ClInclude Include="mpl\type_traits\decay.h">
      <Filter>mpl\type_trait</Filter>
    </ClInclude>
    <ClInclude Include="mpl\type_traits\declval.h">
      <Filter>mpl\type_trait</Filter>
    </ClInclude>
    <ClInclude Include="mpl\type_traits\has_add.h">
      <Filter>mpl\type_trait</Filter>
    </ClInclude>
    <ClInclude Include="mpl\type_traits\has_assigner.h">
      <Filter>mpl\type_trait</Filter>
    </ClInclude>
    <ClInclude Include="mpl\type_traits\has_bit_and.h">
      <Filter>mpl\type_trait</Filter>
    </ClInclude>
    <ClInclude Include="mpl\type_traits\has_bit_or.h">
      <Filter>mpl\type_trait</Filter>
    </ClInclude>
    <ClInclude Include="mpl\type_traits\has_bit_reverse.h">
      <Filter>mpl\type_trait</Filter>
    </ClInclude>
    <ClInclude Include="mpl\type_traits\has_bit_xor.h">
      <Filter>mpl\type_trait</Filter>
    </ClInclude>
    <ClInclude Include="mpl\type_traits\has_constructor.h">
      <Filter>mpl\type_trait</Filter>
    </ClInclude>
    <ClInclude Include="mpl\type_traits\has_delete.h">
      <Filter>mpl\type_trait</Filter>
    </ClInclude>
    <ClInclude Include="mpl\type_traits\has_destructor.h">
      <Filter>mpl\type_trait</Filter>
    </ClInclude>
    <ClInclude Include="mpl\type_traits\has_div.h">
      <Filter>mpl\type_trait</Filter>
    </ClInclude>
    <ClInclude Include="mpl\type_traits\has_equal.h">
      <Filter>mpl\type_trait</Filter>
    </ClInclude>
    <ClInclude Include="mpl\type_traits\has_front_inc.h">
      <Filter>mpl\type_trait</Filter>
    </ClInclude>
    <ClInclude Include="mpl\type_traits\has_greater.h">
      <Filter>mpl\type_trait</Filter>
    </ClInclude>
    <ClInclude Include="mpl\type_traits\has_indexer.h">
      <Filter>mpl\type_trait</Filter>
    </ClInclude>
    <ClInclude Include="mpl\type_traits\has_invoker.h">
      <Filter>mpl\type_trait</Filter>
    </ClInclude>
    <ClInclude Include="mpl\type_traits\has_less.h">
      <Filter>mpl\type_trait</Filter>
    </ClInclude>
    <ClInclude Include="mpl\type_traits\has_logic_and.h">
      <Filter>mpl\type_trait</Filter>
    </ClInclude>
    <ClInclude Include="mpl\type_traits\has_logic_not.h">
      <Filter>mpl\type_trait</Filter>
    </ClInclude>
    <ClInclude Include="mpl\type_traits\has_logic_or.h">
      <Filter>mpl\type_trait</Filter>
    </ClInclude>
    <ClInclude Include="mpl\type_traits\has_mod.h">
      <Filter>mpl\type_trait</Filter>
    </ClInclude>
    <ClInclude Include="mpl\type_traits\has_mul.h">
      <Filter>mpl\type_trait</Filter>
    </ClInclude>
    <ClInclude Include="mpl\type_traits\has_negative.h">
      <Filter>mpl\type_trait</Filter>
    </ClInclude>
    <ClInclude Include="mpl\type_traits\has_new.h">
      <Filter>mpl\type_trait</Filter>
    </ClInclude>
    <ClInclude Include="mpl\type_traits\has_positive.h">
      <Filter>mpl\type_trait</Filter>
    </ClInclude>
    <ClInclude Include="mpl\type_traits\has_sub.h">
      <Filter>mpl\type_trait</Filter>
    </ClInclude>
    <ClInclude Include="mpl\type_traits\is_abstract.h">
      <Filter>mpl\type_trait</Filter>
    </ClInclude>
    <ClInclude Include="mpl\type_traits\is_arithmetic.h">
      <Filter>mpl\type_trait</Filter>
    </ClInclude>
    <ClInclude Include="mpl\type_traits\is_array.h">
      <Filter>mpl\type_trait</Filter>
    </ClInclude>
    <ClInclude Include="mpl\type_traits\is_base_of.h">
      <Filter>mpl\type_trait</Filter>
    </ClInclude>
    <ClInclude Include="mpl\type_traits\is_base_same.h">
      <Filter>mpl\type_trait</Filter>
    </ClInclude>
    <ClInclude Include="mpl\type_traits\is_class.h">
      <Filter>mpl\type_trait</Filter>
    </ClInclude>
    <ClInclude Include="mpl\type_traits\is_compound.h">
      <Filter>mpl\type_trait</Filter>
    </ClInclude>
    <ClInclude Include="mpl\type_traits\is_const.h">
      <Filter>mpl\type_trait</Filter>
    </ClInclude>
    <ClInclude Include="mpl\type_traits\is_convertible.h">
      <Filter>mpl\type_trait</Filter>
    </ClInclude>
    <ClInclude Include="mpl\type_traits\is_empty.h">
      <Filter>mpl\type_trait</Filter>
    </ClInclude>
    <ClInclude Include="mpl\type_traits\is_enum.h">
      <Filter>mpl\type_trait</Filter>
    </ClInclude>
    <ClInclude Include="mpl\type_traits\is_final.h">
      <Filter>mpl\type_trait</Filter>
    </ClInclude>
    <ClInclude Include="mpl\type_traits\is_float.h">
      <Filter>mpl\type_trait</Filter>
    </ClInclude>
    <ClInclude Include="mpl\type_traits\is_function.h">
      <Filter>mpl\type_trait</Filter>
    </ClInclude>
    <ClInclude Include="mpl\type_traits\is_fundamental.h">
      <Filter>mpl\type_trait</Filter>
    </ClInclude>
    <ClInclude Include="mpl\type_traits\is_nullptr_t.h">
      <Filter>mpl\type_trait</Filter>
    </ClInclude>
    <ClInclude Include="mpl\type_traits\is_object.h">
      <Filter>mpl\type_trait</Filter>
    </ClInclude>
    <ClInclude Include="mpl\type_traits\is_pod.h">
      <Filter>mpl\type_trait</Filter>
    </ClInclude>
    <ClInclude Include="mpl\type_traits\is_pointer.h">
      <Filter>mpl\type_trait</Filter>
    </ClInclude>
    <ClInclude Include="mpl\type_traits\is_polymorphic.h">
      <Filter>mpl\type_trait</Filter>
    </ClInclude>
    <ClInclude Include="mpl\type_traits\is_ref.h">
      <Filter>mpl\type_trait</Filter>
    </ClInclude>
    <ClInclude Include="mpl\type_traits\is_same.h">
      <Filter>mpl\type_trait</Filter>
    </ClInclude>
    <ClInclude Include="mpl\type_traits\is_scalar.h">
      <Filter>mpl\type_trait</Filter>
    </ClInclude>
    <ClInclude Include="mpl\type_traits\is_signed.h">
      <Filter>mpl\type_trait</Filter>
    </ClInclude>
    <ClInclude Include="mpl\type_traits\is_stand_layout.h">
      <Filter>mpl\type_trait</Filter>
    </ClInclude>
    <ClInclude Include="mpl\type_traits\is_trivial.h">
      <Filter>mpl\type_trait</Filter>
    </ClInclude>
    <ClInclude Include="mpl\type_traits\is_union.h">
      <Filter>mpl\type_trait</Filter>
    </ClInclude>
    <ClInclude Include="mpl\type_traits\is_unsigned.h">
      <Filter>mpl\type_trait</Filter>
    </ClInclude>
    <ClInclude Include="mpl\type_traits\is_void.h">
      <Filter>mpl\type_trait</Filter>
    </ClInclude>
    <ClInclude Include="mpl\type_traits\remove_const.h">
      <Filter>mpl\type_trait</Filter>
    </ClInclude>
    <ClInclude Include="mpl\type_traits\remove_cv.h">
      <Filter>mpl\type_trait</Filter>
    </ClInclude>
    <ClInclude Include="mpl\type_traits\remove_pointer.h">
      <Filter>mpl\type_trait</Filter>
    </ClInclude>
    <ClInclude Include="mpl\type_traits\remove_ref.h">
      <Filter>mpl\type_trait</Filter>
    </ClInclude>
    <ClInclude Include="mpl\type_traits\remove_top_const.h">
      <Filter>mpl\type_trait</Filter>
    </ClInclude>
    <ClInclude Include="mpl\type_traits\remove_volatile.h">
      <Filter>mpl\type_trait</Filter>
    </ClInclude>
    <ClInclude Include="mpl\base\bool_.h">
      <Filter>mpl\base</Filter>
    </ClInclude>
    <ClInclude Include="mpl\base\int_.h">
      <Filter>mpl\base</Filter>
    </ClInclude>
    <ClInclude Include="mpl\base\uint_.h">
      <Filter>mpl\base</Filter>
    </ClInclude>
    <ClInclude Include="mpl\base\wchar_.h">
      <Filter>mpl\base</Filter>
    </ClInclude>
    <ClInclude Include="mpl\type_traits\add_lref.h">
      <Filter>mpl\type_trait</Filter>
    </ClInclude>
    <ClInclude Include="mpl\type_traits\enum_base.h">
      <Filter>mpl\type_trait</Filter>
    </ClInclude>
    <ClInclude Include="mpl\base\size_.h">
      <Filter>mpl\base</Filter>
    </ClInclude>
    <ClInclude Include="mpl\type_traits\array_dim.h">
      <Filter>mpl\type_trait</Filter>
    </ClInclude>
    <ClInclude Include="mpl\type_traits\add_const_lref.h">
      <Filter>mpl\type_trait</Filter>
    </ClInclude>
    <ClInclude Include="mpl\type_traits\add_signed.h">
      <Filter>mpl\type_trait</Filter>
    </ClInclude>
    <ClInclude Include="mpl\type_traits\add_unsigned.h">
      <Filter>mpl\type_trait</Filter>
    </ClInclude>
    <ClInclude Include="mpl\base\choose.h">
      <Filter>mpl\base</Filter>
    </ClInclude>
    <ClInclude Include="mpl\base\if_.h">
      <Filter>mpl\base</Filter>
    </ClInclude>
    <ClInclude Include="mpl\base\and_.h">
      <Filter>mpl\base</Filter>
    </ClInclude>
    <ClInclude Include="mpl\base\or_.h">
      <Filter>mpl\base</Filter>
    </ClInclude>
    <ClInclude Include="mpl\base\not_.h">
      <Filter>mpl\base</Filter>
    </ClInclude>
    <ClInclude Include="mpl\type_traits\remove_dim.h">
      <Filter>mpl\type_trait</Filter>
    </ClInclude>
    <ClInclude Include="mpl\type_traits\is_rref.h">
      <Filter>mpl\type_trait</Filter>
    </ClInclude>
    <ClInclude Include="mpl\type_traits\is_lref.h">
      <Filter>mpl\type_trait</Filter>
    </ClInclude>
    <ClInclude Include="mpl\type_traits\is_mfn_ptr.h">
      <Filter>mpl\type_trait</Filter>
    </ClInclude>
    <ClInclude Include="mpl\type_traits\is_mobj_ptr.h">
      <Filter>mpl\type_trait</Filter>
    </ClInclude>
    <ClInclude Include="mpl\type_traits\is_member_ptr.h">
      <Filter>mpl\type_trait</Filter>
    </ClInclude>
    <ClInclude Include="mpl\type_traits\remove_all_dim.h">
      <Filter>mpl\type_trait</Filter>
    </ClInclude>
    <ClInclude Include="mpl\type_traits\add_rref.h">
      <Filter>mpl\type_trait</Filter>
    </ClInclude>
    <ClInclude Include="mpl\type_traits\is_instance_of.h">
      <Filter>mpl\type_trait</Filter>
    </ClInclude>
    <ClInclude Include="mpl\type_traits\impl\has_operator_decl.h">
      <Filter>mpl\type_trait\impl</Filter>
    </ClInclude>
    <ClInclude Include="mpl\base\null_.h">
      <Filter>mpl\base</Filter>
    </ClInclude>
    <ClInclude Include="mpl\base\add_.h">
      <Filter>mpl\base</Filter>
    </ClInclude>
    <ClInclude Include="mpl\type_traits\has_lequal.h">
      <Filter>mpl\type_trait</Filter>
    </ClInclude>
    <ClInclude Include="mpl\type_traits\has_gequal.h">
      <Filter>mpl\type_trait</Filter>
    </ClInclude>
    <ClInclude Include="mpl\type_traits\has_nequal.h">
      <Filter>mpl\type_trait</Filter>
    </ClInclude>
    <ClInclude Include="mpl\type_traits\has_deref.h">
      <Filter>mpl\type_trait</Filter>
    </ClInclude>
    <ClInclude Include="mpl\type_traits\has_shl.h">
      <Filter>mpl\type_trait</Filter>
    </ClInclude>
    <ClInclude Include="mpl\type_traits\has_shr.h">
      <Filter>mpl\type_trait</Filter>
    </ClInclude>
    <ClInclude Include="mpl\type_traits\is_integer.h">
      <Filter>mpl\type_trait</Filter>
    </ClInclude>
    <ClInclude Include="mpl\type_traits\has_front_dec.h">
      <Filter>mpl\type_trait</Filter>
    </ClInclude>
    <ClInclude Include="mpl\type_traits\has_post_inc.h">
      <Filter>mpl\type_trait</Filter>
    </ClInclude>
    <ClInclude Include="mpl\type_traits\has_post_dec.h">
      <Filter>mpl\type_trait</Filter>
    </ClInclude>
    <ClInclude Include="mpl\type_traits\has_arrow.h">
      <Filter>mpl\type_trait</Filter>
    </ClInclude>
    <ClInclude Include="mpl\type_traits\has_inner_type.h">
      <Filter>mpl\type_trait</Filter>
    </ClInclude>
    <ClInclude Include="mpl\type_traits\is_compatible.h">
      <Filter>mpl\type_trait</Filter>
    </ClInclude>
    <ClInclude Include="preprocessor\impl\uint8_to_bool.h">
      <Filter>preprocessor\impl</Filter>
    </ClInclude>
    <ClInclude Include="preprocessor\impl\uint8_to_byte.h">
      <Filter>preprocessor\impl</Filter>
    </ClInclude>
    <ClInclude Include="mpl\type_traits.h">
      <Filter>mpl</Filter>
    </ClInclude>
    <ClInclude Include="mpl\type_traits\forward.h">
      <Filter>mpl\type_trait</Filter>
    </ClInclude>
    <ClInclude Include="mpl\type_traits\move.h">
      <Filter>mpl\type_trait</Filter>
    </ClInclude>
    <ClInclude Include="mpl\function\function.h">
      <Filter>mpl\function</Filter>
    </ClInclude>
    <ClInclude Include="mpl\function\overload.h">
      <Filter>mpl\function</Filter>
    </ClInclude>
    <ClInclude Include="mpl\function\partial.h">
      <Filter>mpl\function</Filter>
    </ClInclude>
    <ClInclude Include="mpl\base\enable_if.h">
      <Filter>mpl\base</Filter>
    </ClInclude>
    <ClInclude Include="mpl\base\integer_.h">
      <Filter>mpl\base</Filter>
    </ClInclude>
    <ClInclude Include="mpl\base\char_.h">
      <Filter>mpl\base</Filter>
    </ClInclude>
    <ClInclude Include="mpl\base\int64_.h">
      <Filter>mpl\base</Filter>
    </ClInclude>
    <ClInclude Include="mpl\base\uint64_.h">
      <Filter>mpl\base</Filter>
    </ClInclude>
    <ClInclude Include="mpl\base\uint16.h">
      <Filter>mpl\base</Filter>
    </ClInclude>
    <ClInclude Include="mpl\base\int16_.h">
      <Filter>mpl\base</Filter>
    </ClInclude>
    <ClInclude Include="mpl\base\when_match.h">
      <Filter>mpl\base</Filter>
    </ClInclude>
    <ClInclude Include="mpl\type_traits\is_function_obj.h">
      <Filter>mpl\type_trait</Filter>
    </ClInclude>
    <ClInclude Include="mpl\function\arg.h">
      <Filter>mpl\function</Filter>
    </ClInclude>
    <ClInclude Include="mpl\function\capture.h">
      <Filter>mpl\function</Filter>
    </ClInclude>
    <ClInclude Include="mpl\function\bind_mfn.h">
      <Filter>mpl\function</Filter>
    </ClInclude>
    <ClInclude Include="mpl\type_traits\identity.h">
      <Filter>mpl\type_trait</Filter>
    </ClInclude>
    <ClInclude Include="mpl\function\combine.h">
      <Filter>mpl\function</Filter>
    </ClInclude>
    <ClInclude Include="mpl\function\fmap.h">
      <Filter>mpl\function</Filter>
    </ClInclude>
    <ClInclude Include="mpl\function\dispatch.h">
      <Filter>mpl\function</Filter>
    </ClInclude>
    <ClInclude Include="mpl\base\arg_pack.h">
      <Filter>mpl\base</Filter>
    </ClInclude>
    <ClInclude Include="mpl\base\val_pack.h">
      <Filter>mpl\base</Filter>
    </ClInclude>
    <ClInclude Include="mpl\base\arg_pack_split.h">
      <Filter>mpl\base</Filter>
    </ClInclude>
    <ClInclude Include="mpl\base\arg_pack_first.h">
      <Filter>mpl\base</Filter>
    </ClInclude>
    <ClInclude Include="mpl\base\arg_pack_find_if.h">
      <Filter>mpl\base</Filter>
    </ClInclude>
    <ClInclude Include="mpl\base\val_pack_split.h">
      <Filter>mpl\base</Filter>
    </ClInclude>
    <ClInclude Include="mpl\base\val_pack_at.h">
      <Filter>mpl\base</Filter>
    </ClInclude>
    <ClInclude Include="mpl\base\val_pack_create.h">
      <Filter>mpl\base</Filter>
    </ClInclude>
    <ClInclude Include="mpl\base\val_pack_find.h">
      <Filter>mpl\base</Filter>
    </ClInclude>
    <ClInclude Include="mpl\base\make_indice.h">
      <Filter>mpl\base</Filter>
    </ClInclude>
    <ClInclude Include="mpl\type_traits\traits_case.h">
      <Filter>mpl\type_trait</Filter>
    </ClInclude>
    <ClInclude Include="mpl\base\val_pack_merge.h">
      <Filter>mpl\base</Filter>
    </ClInclude>
    <ClInclude Include="mpl\type_traits\select_case.h">
      <Filter>mpl\type_trait</Filter>
    </ClInclude>
    <ClInclude Include="mpl\smart_ptr\weak_ptr.h">
      <Filter>mpl\smart_ptr</Filter>
    </ClInclude>
    <ClInclude Include="mpl\smart_ptr\unique_ptr.h">
      <Filter>mpl\smart_ptr</Filter>
    </ClInclude>
    <ClInclude Include="mpl\smart_ptr\share_ptr.h">
      <Filter>mpl\smart_ptr</Filter>
    </ClInclude>
    <ClInclude Include="mpl\smart_ptr\scope_ptr.h">
      <Filter>mpl\smart_ptr</Filter>
    </ClInclude>
    <ClInclude Include="debug_type.hpp" />
    <ClInclude Include="mpl\function\operator.h">
      <Filter>mpl\function</Filter>
    </ClInclude>
    <ClInclude Include="mpl\function\val.h">
      <Filter>mpl\function</Filter>
    </ClInclude>
    <ClInclude Include="mpl\function\ref.h">
      <Filter>mpl\function</Filter>
    </ClInclude>
    <ClInclude Include="mpl\util\swap.h">
      <Filter>mpl\util</Filter>
    </ClInclude>
    <ClInclude Include="mpl\util\forward.h">
      <Filter>mpl\util</Filter>
    </ClInclude>
    <ClInclude Include="mpl\util\move.h">
      <Filter>mpl\util</Filter>
    </ClInclude>
    <ClInclude Include="mpl\util\noncopyable.h">
      <Filter>mpl\util</Filter>
    </ClInclude>
    <ClInclude Include="mpl\util\addressof.h">
      <Filter>mpl\util</Filter>
    </ClInclude>
    <ClInclude Include="mpl\type_traits\result_of.h">
      <Filter>mpl\type_trait</Filter>
    </ClInclude>
    <ClInclude Include="mpl\type_traits\args_of.h">
      <Filter>mpl\type_trait</Filter>
    </ClInclude>
    <ClInclude Include="mpl\base\sfinae.h">
      <Filter>mpl\base</Filter>
    </ClInclude>
    <ClInclude Include="mpl\function\expr.h">
      <Filter>mpl\function</Filter>
    </ClInclude>
    <ClInclude Include="mpl\mpl_module.h">
      <Filter>mpl</Filter>
    </ClInclude>
    <ClInclude Include="mpl\base\derive_if.h">
      <Filter>mpl\base</Filter>
    </ClInclude>
    <ClInclude Include="mpl\fusion\any.h">
      <Filter>mpl\fusion</Filter>
    </ClInclude>
    <ClInclude Include="mpl\fusion\maybe.h">
      <Filter>mpl\fusion</Filter>
    </ClInclude>
    <ClInclude Include="mpl\fusion\string_literial.h">
      <Filter>mpl\fusion</Filter>
    </ClInclude>
    <ClInclude Include="mpl\fusion\tuple.h">
      <Filter>mpl\fusion</Filter>
    </ClInclude>
    <ClInclude Include="mpl\fusion\val_seq.h">
      <Filter>mpl\fusion</Filter>
    </ClInclude>
    <ClInclude Include="mpl\function\select_overload.h">
      <Filter>mpl\function</Filter>
    </ClInclude>
    <ClInclude Include="mpl\fusion\range.h">
      <Filter>mpl\fusion</Filter>
    </ClInclude>
    <ClInclude Include="mpl\base\arg_pack_find_index.h">
      <Filter>mpl\base</Filter>
    </ClInclude>
    <ClInclude Include="mpl\fusion\varient.h">
      <Filter>mpl\fusion</Filter>
    </ClInclude>
    <ClInclude Include="mpl\base\op.h">
      <Filter>mpl\base</Filter>
    </ClInclude>
    <ClInclude Include="mpl\base\val_pack_max.h">
      <Filter>mpl\base</Filter>
    </ClInclude>
    <ClInclude Include="mpl\type_traits\max_align_t.h">
      <Filter>mpl\type_trait</Filter>
    </ClInclude>
    <ClInclude Include="mpl\fusion\bad_cast_exception.h">
      <Filter>mpl\fusion</Filter>
    </ClInclude>
    <ClInclude Include="mpl\util\size.h">
      <Filter>mpl\util</Filter>
    </ClInclude>
    <ClInclude Include="mpl\util\value.h">
      <Filter>mpl\util</Filter>
    </ClInclude>
    <ClInclude Include="mpl\util\compatible_cmp.h">
      <Filter>mpl\util</Filter>
    </ClInclude>
    <ClInclude Include="mpl\util\hash.h">
      <Filter>mpl\util</Filter>
    </ClInclude>
    <ClInclude Include="mpl\smart_ptr\default_deleter.h">
      <Filter>mpl\smart_ptr</Filter>
    </ClInclude>
    <ClInclude Include="mpl\smart_ptr\resource_base.h">
      <Filter>mpl\smart_ptr</Filter>
    </ClInclude>
    <ClInclude Include="mpl\smart_ptr\default_ref_count.h">
      <Filter>mpl\smart_ptr</Filter>
    </ClInclude>
    <ClInclude Include="mpl\smart_ptr\poly_share_ptr.h">
      <Filter>mpl\smart_ptr</Filter>
    </ClInclude>
    <ClInclude Include="mpl\smart_ptr\smart_ptr_fwd.h">
      <Filter>mpl\smart_ptr</Filter>
    </ClInclude>
    <ClInclude Include="mpl\smart_ptr\poly_weak_ptr.h">
      <Filter>mpl\smart_ptr</Filter>
    </ClInclude>
    <ClInclude Include="mpl\smart_ptr\smart_pointer_cast.h">
      <Filter>mpl\smart_ptr</Filter>
    </ClInclude>
    <ClInclude Include="mpl\smart_ptr\enable_share_from_this.h">
      <Filter>mpl\smart_ptr</Filter>
    </ClInclude>
    <ClInclude Include="mpl\smart_ptr\bad_weak_ptr.h">
      <Filter>mpl\smart_ptr</Filter>
    </ClInclude>
    <ClInclude Include="mpl\function\invoke_base.h">
      <Filter>mpl\function</Filter>
    </ClInclude>
    <ClInclude Include="mpl\function\function_fwd.h">
      <Filter>mpl\function</Filter>
    </ClInclude>
    <ClInclude Include="mpl\type_traits\is_invocable.h">
      <Filter>mpl\type_trait</Filter>
    </ClInclude>
    <ClInclude Include="mpl\fusion\pair.h">
      <Filter>mpl\fusion</Filter>
    </ClInclude>
    <ClInclude Include="mpl\fusion\fusion_fwd.h">
      <Filter>mpl\fusion</Filter>
    </ClInclude>
    <ClInclude Include="mpl\fusion\imap.h">
      <Filter>mpl\fusion</Filter>
    </ClInclude>
    <ClInclude Include="mpl\util\create.h">
      <Filter>mpl\util</Filter>
    </ClInclude>
    <ClInclude Include="mpl\fusion\array.h">
      <Filter>mpl\fusion</Filter>
    </ClInclude>
    <ClInclude Include="mpl\fusion\ratio.h">
      <Filter>mpl\fusion</Filter>
    </ClInclude>
  </ItemGroup>
</Project>